PODS:
  - SwiftLint (0.47.1)
  - Swinject (2.8.2)

DEPENDENCIES:
  - SwiftLint
  - Swinject

SPEC REPOS:
  trunk:
    - SwiftLint
    - Swinject

SPEC CHECKSUMS:
  SwiftLint: f80f1be7fa96d30e0aa68e58d45d4ea1ccaac519
  Swinject: b4a11b31992e8668308dc594ba1cb9b3164a37ab

PODFILE CHECKSUM: b0e5279ea542f6181583f76552552f90296846f3

COCOAPODS: 1.11.3
