// !$*UTF8*$!
{
	archiveVersion = 1;
	classes = {
	};
	objectVersion = 55;
	objects = {

/* Begin PBXBuildFile section */
		5D872AE818C28632CD0BEE65 /* Pods_GalleryTests.framework in Frameworks */ = {isa = PBXBuildFile; fileRef = 35A58A6B7C5A6A8FC0994591 /* Pods_GalleryTests.framework */; };
		A48D46F12B780624A3A4FEF5 /* Pods_Gallery.framework in Frameworks */ = {isa = PBXBuildFile; fileRef = F3AC376461F26EBD5A82C0DC /* Pods_Gallery.framework */; };
		C058AC8A2897533A00EDE2D3 /* ImageLoader.swift in Sources */ = {isa = PBXBuildFile; fileRef = C058AC892897533A00EDE2D3 /* ImageLoader.swift */; };
		C058AC8C28975FC300EDE2D3 /* GalleryItemBuilder.swift in Sources */ = {isa = PBXBuildFile; fileRef = C058AC8B28975FC300EDE2D3 /* GalleryItemBuilder.swift */; };
		C058AC8F2897652C00EDE2D3 /* MenuViewAssembly.swift in Sources */ = {isa = PBXBuildFile; fileRef = C058AC8E2897652C00EDE2D3 /* MenuViewAssembly.swift */; };
		C058AC9128976AEC00EDE2D3 /* GalleryViewAssembly.swift in Sources */ = {isa = PBXBuildFile; fileRef = C058AC9028976AEC00EDE2D3 /* GalleryViewAssembly.swift */; };
		C058AC9628976FE300EDE2D3 /* ServiceAssembly.swift in Sources */ = {isa = PBXBuildFile; fileRef = C058AC9528976FE300EDE2D3 /* ServiceAssembly.swift */; };
		C0739CF02869708D006B8BB2 /* GalleryCollectionViewModel.swift in Sources */ = {isa = PBXBuildFile; fileRef = C0739CEF2869708D006B8BB2 /* GalleryCollectionViewModel.swift */; };
		C0739CF2286970B9006B8BB2 /* GalleryCollectionViewManager.swift in Sources */ = {isa = PBXBuildFile; fileRef = C0739CF1286970B9006B8BB2 /* GalleryCollectionViewManager.swift */; };
		C0845BB22872E6000082D035 /* GalleryItemBuilderImpl.swift in Sources */ = {isa = PBXBuildFile; fileRef = C0845BB12872E6000082D035 /* GalleryItemBuilderImpl.swift */; };
		C0845BB52872E7230082D035 /* GlobalConstants.swift in Sources */ = {isa = PBXBuildFile; fileRef = C0845BB42872E7230082D035 /* GlobalConstants.swift */; };
		C0869A0427E40DB000BF5ED8 /* MenuButton.swift in Sources */ = {isa = PBXBuildFile; fileRef = C0869A0327E40DB000BF5ED8 /* MenuButton.swift */; };
		C0869A0C27E4644300BF5ED8 /* GalleryTests.swift in Sources */ = {isa = PBXBuildFile; fileRef = C0869A0B27E4644300BF5ED8 /* GalleryTests.swift */; };
		C09C23F227B238080059755D /* GalleryViewController.swift in Sources */ = {isa = PBXBuildFile; fileRef = C09C23F127B238080059755D /* GalleryViewController.swift */; };
		C09ED72627E029D700460FDE /* GalleryItem.swift in Sources */ = {isa = PBXBuildFile; fileRef = C09ED72527E029D700460FDE /* GalleryItem.swift */; };
		C0B582BA28CF224400644D9B /* MainAssembler.swift in Sources */ = {isa = PBXBuildFile; fileRef = C0B582B928CF224400644D9B /* MainAssembler.swift */; };
		C0B93DE02865742200378B2B /* MenuViewControllerRouter.swift in Sources */ = {isa = PBXBuildFile; fileRef = C0B93DDF2865742200378B2B /* MenuViewControllerRouter.swift */; };
		C0BF55B227CC503D00D8C7B4 /* ImageLoaderImpl.swift in Sources */ = {isa = PBXBuildFile; fileRef = C0BF55B127CC503D00D8C7B4 /* ImageLoaderImpl.swift */; };
		C0FBCB0E27AFE2A70078C90D /* AppDelegate.swift in Sources */ = {isa = PBXBuildFile; fileRef = C0FBCB0D27AFE2A70078C90D /* AppDelegate.swift */; };
		C0FBCB1227AFE2A70078C90D /* MenuViewController.swift in Sources */ = {isa = PBXBuildFile; fileRef = C0FBCB1127AFE2A70078C90D /* MenuViewController.swift */; };
		C0FBCB1727AFE2A80078C90D /* Assets.xcassets in Resources */ = {isa = PBXBuildFile; fileRef = C0FBCB1627AFE2A80078C90D /* Assets.xcassets */; };
		C0FBCB1A27AFE2A80078C90D /* LaunchScreen.storyboard in Resources */ = {isa = PBXBuildFile; fileRef = C0FBCB1827AFE2A80078C90D /* LaunchScreen.storyboard */; };
		C0FBCB2727AFE5F60078C90D /* GalleryCell.swift in Sources */ = {isa = PBXBuildFile; fileRef = C0FBCB2627AFE5F60078C90D /* GalleryCell.swift */; };
/* End PBXBuildFile section */

/* Begin PBXContainerItemProxy section */
		C0869A0D27E4644300BF5ED8 /* PBXContainerItemProxy */ = {
			isa = PBXContainerItemProxy;
			containerPortal = C0FBCB0227AFE2A70078C90D /* Project object */;
			proxyType = 1;
			remoteGlobalIDString = C0FBCB0927AFE2A70078C90D;
			remoteInfo = Gallery;
		};
/* End PBXContainerItemProxy section */

/* Begin PBXFileReference section */
		0303BE3172315E068FFE2B81 /* Pods-Gallery.release.xcconfig */ = {isa = PBXFileReference; includeInIndex = 1; lastKnownFileType = text.xcconfig; name = "Pods-Gallery.release.xcconfig"; path = "Target Support Files/Pods-Gallery/Pods-Gallery.release.xcconfig"; sourceTree = "<group>"; };
		35A58A6B7C5A6A8FC0994591 /* Pods_GalleryTests.framework */ = {isa = PBXFileReference; explicitFileType = wrapper.framework; includeInIndex = 0; path = Pods_GalleryTests.framework; sourceTree = BUILT_PRODUCTS_DIR; };
		3882D8BD2AC9866F4CB5DB16 /* Pods-GalleryTests.release.xcconfig */ = {isa = PBXFileReference; includeInIndex = 1; lastKnownFileType = text.xcconfig; name = "Pods-GalleryTests.release.xcconfig"; path = "Target Support Files/Pods-GalleryTests/Pods-GalleryTests.release.xcconfig"; sourceTree = "<group>"; };
		C058AC892897533A00EDE2D3 /* ImageLoader.swift */ = {isa = PBXFileReference; lastKnownFileType = sourcecode.swift; path = ImageLoader.swift; sourceTree = "<group>"; };
		C058AC8B28975FC300EDE2D3 /* GalleryItemBuilder.swift */ = {isa = PBXFileReference; lastKnownFileType = sourcecode.swift; path = GalleryItemBuilder.swift; sourceTree = "<group>"; };
		C058AC8E2897652C00EDE2D3 /* MenuViewAssembly.swift */ = {isa = PBXFileReference; lastKnownFileType = sourcecode.swift; path = MenuViewAssembly.swift; sourceTree = "<group>"; };
		C058AC9028976AEC00EDE2D3 /* GalleryViewAssembly.swift */ = {isa = PBXFileReference; lastKnownFileType = sourcecode.swift; path = GalleryViewAssembly.swift; sourceTree = "<group>"; };
		C058AC9528976FE300EDE2D3 /* ServiceAssembly.swift */ = {isa = PBXFileReference; lastKnownFileType = sourcecode.swift; path = ServiceAssembly.swift; sourceTree = "<group>"; };
		C0739CEF2869708D006B8BB2 /* GalleryCollectionViewModel.swift */ = {isa = PBXFileReference; lastKnownFileType = sourcecode.swift; path = GalleryCollectionViewModel.swift; sourceTree = "<group>"; };
		C0739CF1286970B9006B8BB2 /* GalleryCollectionViewManager.swift */ = {isa = PBXFileReference; lastKnownFileType = sourcecode.swift; path = GalleryCollectionViewManager.swift; sourceTree = "<group>"; };
		C0845BB12872E6000082D035 /* GalleryItemBuilderImpl.swift */ = {isa = PBXFileReference; lastKnownFileType = sourcecode.swift; path = GalleryItemBuilderImpl.swift; sourceTree = "<group>"; };
		C0845BB42872E7230082D035 /* GlobalConstants.swift */ = {isa = PBXFileReference; lastKnownFileType = sourcecode.swift; path = GlobalConstants.swift; sourceTree = "<group>"; };
		C0869A0327E40DB000BF5ED8 /* MenuButton.swift */ = {isa = PBXFileReference; lastKnownFileType = sourcecode.swift; path = MenuButton.swift; sourceTree = "<group>"; };
		C0869A0927E4644300BF5ED8 /* GalleryTests.xctest */ = {isa = PBXFileReference; explicitFileType = wrapper.cfbundle; includeInIndex = 0; path = GalleryTests.xctest; sourceTree = BUILT_PRODUCTS_DIR; };
		C0869A0B27E4644300BF5ED8 /* GalleryTests.swift */ = {isa = PBXFileReference; lastKnownFileType = sourcecode.swift; path = GalleryTests.swift; sourceTree = "<group>"; };
		C09C23F127B238080059755D /* GalleryViewController.swift */ = {isa = PBXFileReference; lastKnownFileType = sourcecode.swift; path = GalleryViewController.swift; sourceTree = "<group>"; };
		C09ED72527E029D700460FDE /* GalleryItem.swift */ = {isa = PBXFileReference; lastKnownFileType = sourcecode.swift; name = GalleryItem.swift; path = ../GalleryItem.swift; sourceTree = "<group>"; };
		C0B582B928CF224400644D9B /* MainAssembler.swift */ = {isa = PBXFileReference; lastKnownFileType = sourcecode.swift; path = MainAssembler.swift; sourceTree = "<group>"; };
		C0B93DDF2865742200378B2B /* MenuViewControllerRouter.swift */ = {isa = PBXFileReference; lastKnownFileType = sourcecode.swift; path = MenuViewControllerRouter.swift; sourceTree = "<group>"; };
		C0BF55B127CC503D00D8C7B4 /* ImageLoaderImpl.swift */ = {isa = PBXFileReference; lastKnownFileType = sourcecode.swift; path = ImageLoaderImpl.swift; sourceTree = "<group>"; };
		C0FBCB0A27AFE2A70078C90D /* Gallery.app */ = {isa = PBXFileReference; explicitFileType = wrapper.application; includeInIndex = 0; path = Gallery.app; sourceTree = BUILT_PRODUCTS_DIR; };
		C0FBCB0D27AFE2A70078C90D /* AppDelegate.swift */ = {isa = PBXFileReference; lastKnownFileType = sourcecode.swift; path = AppDelegate.swift; sourceTree = "<group>"; };
		C0FBCB1127AFE2A70078C90D /* MenuViewController.swift */ = {isa = PBXFileReference; lastKnownFileType = sourcecode.swift; path = MenuViewController.swift; sourceTree = "<group>"; };
		C0FBCB1627AFE2A80078C90D /* Assets.xcassets */ = {isa = PBXFileReference; lastKnownFileType = folder.assetcatalog; path = Assets.xcassets; sourceTree = "<group>"; };
		C0FBCB1927AFE2A80078C90D /* Base */ = {isa = PBXFileReference; lastKnownFileType = file.storyboard; name = Base; path = Base.lproj/LaunchScreen.storyboard; sourceTree = "<group>"; };
		C0FBCB1B27AFE2A80078C90D /* Info.plist */ = {isa = PBXFileReference; lastKnownFileType = text.plist.xml; path = Info.plist; sourceTree = "<group>"; };
		C0FBCB2627AFE5F60078C90D /* GalleryCell.swift */ = {isa = PBXFileReference; lastKnownFileType = sourcecode.swift; path = GalleryCell.swift; sourceTree = "<group>"; };
		DFB99BB72D9361ECEBFDAD27 /* Pods-GalleryTests.debug.xcconfig */ = {isa = PBXFileReference; includeInIndex = 1; lastKnownFileType = text.xcconfig; name = "Pods-GalleryTests.debug.xcconfig"; path = "Target Support Files/Pods-GalleryTests/Pods-GalleryTests.debug.xcconfig"; sourceTree = "<group>"; };
		F3AC376461F26EBD5A82C0DC /* Pods_Gallery.framework */ = {isa = PBXFileReference; explicitFileType = wrapper.framework; includeInIndex = 0; path = Pods_Gallery.framework; sourceTree = BUILT_PRODUCTS_DIR; };
		FDA4CAC7776F764BA024F485 /* Pods-Gallery.debug.xcconfig */ = {isa = PBXFileReference; includeInIndex = 1; lastKnownFileType = text.xcconfig; name = "Pods-Gallery.debug.xcconfig"; path = "Target Support Files/Pods-Gallery/Pods-Gallery.debug.xcconfig"; sourceTree = "<group>"; };
/* End PBXFileReference section */

/* Begin PBXFrameworksBuildPhase section */
		C0869A0627E4644300BF5ED8 /* Frameworks */ = {
			isa = PBXFrameworksBuildPhase;
			buildActionMask = 2147483647;
			files = (
				5D872AE818C28632CD0BEE65 /* Pods_GalleryTests.framework in Frameworks */,
			);
			runOnlyForDeploymentPostprocessing = 0;
		};
		C0FBCB0727AFE2A70078C90D /* Frameworks */ = {
			isa = PBXFrameworksBuildPhase;
			buildActionMask = 2147483647;
			files = (
				A48D46F12B780624A3A4FEF5 /* Pods_Gallery.framework in Frameworks */,
			);
			runOnlyForDeploymentPostprocessing = 0;
		};
/* End PBXFrameworksBuildPhase section */

/* Begin PBXGroup section */
		B5D616891BEE2C3B20AE500A /* Frameworks */ = {
			isa = PBXGroup;
			children = (
				F3AC376461F26EBD5A82C0DC /* Pods_Gallery.framework */,
				35A58A6B7C5A6A8FC0994591 /* Pods_GalleryTests.framework */,
			);
			name = Frameworks;
			sourceTree = "<group>";
		};
		C058AC8D289764CF00EDE2D3 /* Assembly */ = {
			isa = PBXGroup;
			children = (
				C058AC8E2897652C00EDE2D3 /* MenuViewAssembly.swift */,
			);
			path = Assembly;
			sourceTree = "<group>";
		};
		C058AC9228976B2D00EDE2D3 /* Assembly */ = {
			isa = PBXGroup;
			children = (
				C058AC9028976AEC00EDE2D3 /* GalleryViewAssembly.swift */,
			);
			path = Assembly;
			sourceTree = "<group>";
		};
		C058AC9428976FA100EDE2D3 /* ApplicationAssembly */ = {
			isa = PBXGroup;
			children = (
				C058AC9528976FE300EDE2D3 /* ServiceAssembly.swift */,
				C0B582B928CF224400644D9B /* MainAssembler.swift */,
			);
			path = ApplicationAssembly;
			sourceTree = "<group>";
		};
		C05B59CE2845928B00E820B1 /* Services */ = {
			isa = PBXGroup;
			children = (
				C0845BB02872E5F30082D035 /* GalleryItemBuilder */,
				C05B59CF2845929F00E820B1 /* LoadImageService */,
			);
			path = Services;
			sourceTree = "<group>";
		};
		C05B59CF2845929F00E820B1 /* LoadImageService */ = {
			isa = PBXGroup;
			children = (
				C0BF55B127CC503D00D8C7B4 /* ImageLoaderImpl.swift */,
				C058AC892897533A00EDE2D3 /* ImageLoader.swift */,
			);
			path = LoadImageService;
			sourceTree = "<group>";
		};
		C0739CF3286BD43C006B8BB2 /* CollectionViewManeger */ = {
			isa = PBXGroup;
			children = (
				C0739CEF2869708D006B8BB2 /* GalleryCollectionViewModel.swift */,
				C0739CF1286970B9006B8BB2 /* GalleryCollectionViewManager.swift */,
			);
			path = CollectionViewManeger;
			sourceTree = "<group>";
		};
		C0845BB02872E5F30082D035 /* GalleryItemBuilder */ = {
			isa = PBXGroup;
			children = (
				C0845BB12872E6000082D035 /* GalleryItemBuilderImpl.swift */,
				C058AC8B28975FC300EDE2D3 /* GalleryItemBuilder.swift */,
			);
			path = GalleryItemBuilder;
			sourceTree = "<group>";
		};
		C0845BB32872E6CF0082D035 /* Constants */ = {
			isa = PBXGroup;
			children = (
				C0845BB42872E7230082D035 /* GlobalConstants.swift */,
			);
			path = Constants;
			sourceTree = "<group>";
		};
		C0845BB62872E8BE0082D035 /* MenuViewController */ = {
			isa = PBXGroup;
			children = (
				C058AC8D289764CF00EDE2D3 /* Assembly */,
				C0845BB82872E9140082D035 /* MenuViewControllerRouter */,
				C0FBCB1127AFE2A70078C90D /* MenuViewController.swift */,
			);
			path = MenuViewController;
			sourceTree = "<group>";
		};
		C0845BB72872E8E90082D035 /* GalleryViewController */ = {
			isa = PBXGroup;
			children = (
				C058AC9228976B2D00EDE2D3 /* Assembly */,
				C0739CF3286BD43C006B8BB2 /* CollectionViewManeger */,
				C09C23F127B238080059755D /* GalleryViewController.swift */,
			);
			path = GalleryViewController;
			sourceTree = "<group>";
		};
		C0845BB82872E9140082D035 /* MenuViewControllerRouter */ = {
			isa = PBXGroup;
			children = (
				C0B93DDF2865742200378B2B /* MenuViewControllerRouter.swift */,
			);
			path = MenuViewControllerRouter;
			sourceTree = "<group>";
		};
		C0869A0A27E4644300BF5ED8 /* GalleryTests */ = {
			isa = PBXGroup;
			children = (
				C0869A0B27E4644300BF5ED8 /* GalleryTests.swift */,
			);
			path = GalleryTests;
			sourceTree = "<group>";
		};
		C0FBCB0127AFE2A70078C90D = {
			isa = PBXGroup;
			children = (
				C0FBCB0C27AFE2A70078C90D /* Gallery */,
				C0869A0A27E4644300BF5ED8 /* GalleryTests */,
				C0FBCB0B27AFE2A70078C90D /* Products */,
				E26962E60E5040D383C6A875 /* Pods */,
				B5D616891BEE2C3B20AE500A /* Frameworks */,
			);
			sourceTree = "<group>";
		};
		C0FBCB0B27AFE2A70078C90D /* Products */ = {
			isa = PBXGroup;
			children = (
				C0FBCB0A27AFE2A70078C90D /* Gallery.app */,
				C0869A0927E4644300BF5ED8 /* GalleryTests.xctest */,
			);
			name = Products;
			sourceTree = "<group>";
		};
		C0FBCB0C27AFE2A70078C90D /* Gallery */ = {
			isa = PBXGroup;
			children = (
				C058AC9428976FA100EDE2D3 /* ApplicationAssembly */,
				C0845BB32872E6CF0082D035 /* Constants */,
				C05B59CE2845928B00E820B1 /* Services */,
				C0FBCB2327AFE2CD0078C90D /* ViewControllers */,
				C0FBCB2227AFE2C20078C90D /* Model */,
				C0FBCB2127AFE2B00078C90D /* Views */,
				C0FBCB0D27AFE2A70078C90D /* AppDelegate.swift */,
				C0FBCB1627AFE2A80078C90D /* Assets.xcassets */,
				C0FBCB1827AFE2A80078C90D /* LaunchScreen.storyboard */,
				C0FBCB1B27AFE2A80078C90D /* Info.plist */,
			);
			path = Gallery;
			sourceTree = "<group>";
		};
		C0FBCB2127AFE2B00078C90D /* Views */ = {
			isa = PBXGroup;
			children = (
				C0FBCB2627AFE5F60078C90D /* GalleryCell.swift */,
				C0869A0327E40DB000BF5ED8 /* MenuButton.swift */,
			);
			path = Views;
			sourceTree = "<group>";
		};
		C0FBCB2227AFE2C20078C90D /* Model */ = {
			isa = PBXGroup;
			children = (
				C09ED72527E029D700460FDE /* GalleryItem.swift */,
			);
			path = Model;
			sourceTree = "<group>";
		};
		C0FBCB2327AFE2CD0078C90D /* ViewControllers */ = {
			isa = PBXGroup;
			children = (
				C0845BB72872E8E90082D035 /* GalleryViewController */,
				C0845BB62872E8BE0082D035 /* MenuViewController */,
			);
			path = ViewControllers;
			sourceTree = "<group>";
		};
		E26962E60E5040D383C6A875 /* Pods */ = {
			isa = PBXGroup;
			children = (
				FDA4CAC7776F764BA024F485 /* Pods-Gallery.debug.xcconfig */,
				0303BE3172315E068FFE2B81 /* Pods-Gallery.release.xcconfig */,
				DFB99BB72D9361ECEBFDAD27 /* Pods-GalleryTests.debug.xcconfig */,
				3882D8BD2AC9866F4CB5DB16 /* Pods-GalleryTests.release.xcconfig */,
			);
			path = Pods;
			sourceTree = "<group>";
		};
/* End PBXGroup section */

/* Begin PBXNativeTarget section */
		C0869A0827E4644300BF5ED8 /* GalleryTests */ = {
			isa = PBXNativeTarget;
			buildConfigurationList = C0869A0F27E4644300BF5ED8 /* Build configuration list for PBXNativeTarget "GalleryTests" */;
			buildPhases = (
				A0FED6262DA03588997D4FDC /* [CP] Check Pods Manifest.lock */,
				C0869A0527E4644300BF5ED8 /* Sources */,
				C0869A0627E4644300BF5ED8 /* Frameworks */,
				C0869A0727E4644300BF5ED8 /* Resources */,
			);
			buildRules = (
			);
			dependencies = (
				C0869A0E27E4644300BF5ED8 /* PBXTargetDependency */,
			);
			name = GalleryTests;
			productName = GalleryTests;
			productReference = C0869A0927E4644300BF5ED8 /* GalleryTests.xctest */;
			productType = "com.apple.product-type.bundle.unit-test";
		};
		C0FBCB0927AFE2A70078C90D /* Gallery */ = {
			isa = PBXNativeTarget;
			buildConfigurationList = C0FBCB1E27AFE2A80078C90D /* Build configuration list for PBXNativeTarget "Gallery" */;
			buildPhases = (
				3290B5515AAE7871235AC1A9 /* [CP] Check Pods Manifest.lock */,
				C0FBCB0627AFE2A70078C90D /* Sources */,
				C0FBCB0727AFE2A70078C90D /* Frameworks */,
				C0FBCB0827AFE2A70078C90D /* Resources */,
				C0B7493228502DFC003F4021 /* ShellScript */,
				5CB0811BB59B5526D4CE2AB3 /* [CP] Embed Pods Frameworks */,
			);
			buildRules = (
			);
			dependencies = (
			);
			name = Gallery;
			productName = TestTakFirstTry;
			productReference = C0FBCB0A27AFE2A70078C90D /* Gallery.app */;
			productType = "com.apple.product-type.application";
		};
/* End PBXNativeTarget section */

/* Begin PBXProject section */
		C0FBCB0227AFE2A70078C90D /* Project object */ = {
			isa = PBXProject;
			attributes = {
				BuildIndependentTargetsInParallel = 1;
				LastSwiftUpdateCheck = 1310;
				LastUpgradeCheck = 1310;
				TargetAttributes = {
					C0869A0827E4644300BF5ED8 = {
						CreatedOnToolsVersion = 13.1;
						TestTargetID = C0FBCB0927AFE2A70078C90D;
					};
					C0FBCB0927AFE2A70078C90D = {
						CreatedOnToolsVersion = 13.1;
					};
				};
			};
			buildConfigurationList = C0FBCB0527AFE2A70078C90D /* Build configuration list for PBXProject "Gallery" */;
			compatibilityVersion = "Xcode 13.0";
			developmentRegion = en;
			hasScannedForEncodings = 0;
			knownRegions = (
				en,
				Base,
			);
			mainGroup = C0FBCB0127AFE2A70078C90D;
			productRefGroup = C0FBCB0B27AFE2A70078C90D /* Products */;
			projectDirPath = "";
			projectRoot = "";
			targets = (
				C0FBCB0927AFE2A70078C90D /* Gallery */,
				C0869A0827E4644300BF5ED8 /* GalleryTests */,
			);
		};
/* End PBXProject section */

/* Begin PBXResourcesBuildPhase section */
		C0869A0727E4644300BF5ED8 /* Resources */ = {
			isa = PBXResourcesBuildPhase;
			buildActionMask = 2147483647;
			files = (
			);
			runOnlyForDeploymentPostprocessing = 0;
		};
		C0FBCB0827AFE2A70078C90D /* Resources */ = {
			isa = PBXResourcesBuildPhase;
			buildActionMask = 2147483647;
			files = (
				C0FBCB1A27AFE2A80078C90D /* LaunchScreen.storyboard in Resources */,
				C0FBCB1727AFE2A80078C90D /* Assets.xcassets in Resources */,
			);
			runOnlyForDeploymentPostprocessing = 0;
		};
/* End PBXResourcesBuildPhase section */

/* Begin PBXShellScriptBuildPhase section */
		3290B5515AAE7871235AC1A9 /* [CP] Check Pods Manifest.lock */ = {
			isa = PBXShellScriptBuildPhase;
			buildActionMask = 2147483647;
			files = (
			);
			inputFileListPaths = (
			);
			inputPaths = (
				"${PODS_PODFILE_DIR_PATH}/Podfile.lock",
				"${PODS_ROOT}/Manifest.lock",
			);
			name = "[CP] Check Pods Manifest.lock";
			outputFileListPaths = (
			);
			outputPaths = (
				"$(DERIVED_FILE_DIR)/Pods-Gallery-checkManifestLockResult.txt",
			);
			runOnlyForDeploymentPostprocessing = 0;
			shellPath = /bin/sh;
			shellScript = "diff \"${PODS_PODFILE_DIR_PATH}/Podfile.lock\" \"${PODS_ROOT}/Manifest.lock\" > /dev/null\nif [ $? != 0 ] ; then\n    # print error to STDERR\n    echo \"error: The sandbox is not in sync with the Podfile.lock. Run 'pod install' or update your CocoaPods installation.\" >&2\n    exit 1\nfi\n# This output is used by Xcode 'outputs' to avoid re-running this script phase.\necho \"SUCCESS\" > \"${SCRIPT_OUTPUT_FILE_0}\"\n";
			showEnvVarsInLog = 0;
		};
		5CB0811BB59B5526D4CE2AB3 /* [CP] Embed Pods Frameworks */ = {
			isa = PBXShellScriptBuildPhase;
			buildActionMask = 2147483647;
			files = (
			);
			inputFileListPaths = (
				"${PODS_ROOT}/Target Support Files/Pods-Gallery/Pods-Gallery-frameworks-${CONFIGURATION}-input-files.xcfilelist",
			);
			name = "[CP] Embed Pods Frameworks";
			outputFileListPaths = (
				"${PODS_ROOT}/Target Support Files/Pods-Gallery/Pods-Gallery-frameworks-${CONFIGURATION}-output-files.xcfilelist",
			);
			runOnlyForDeploymentPostprocessing = 0;
			shellPath = /bin/sh;
			shellScript = "\"${PODS_ROOT}/Target Support Files/Pods-Gallery/Pods-Gallery-frameworks.sh\"\n";
			showEnvVarsInLog = 0;
		};
		A0FED6262DA03588997D4FDC /* [CP] Check Pods Manifest.lock */ = {
			isa = PBXShellScriptBuildPhase;
			buildActionMask = 2147483647;
			files = (
			);
			inputFileListPaths = (
			);
			inputPaths = (
				"${PODS_PODFILE_DIR_PATH}/Podfile.lock",
				"${PODS_ROOT}/Manifest.lock",
			);
			name = "[CP] Check Pods Manifest.lock";
			outputFileListPaths = (
			);
			outputPaths = (
				"$(DERIVED_FILE_DIR)/Pods-GalleryTests-checkManifestLockResult.txt",
			);
			runOnlyForDeploymentPostprocessing = 0;
			shellPath = /bin/sh;
			shellScript = "diff \"${PODS_PODFILE_DIR_PATH}/Podfile.lock\" \"${PODS_ROOT}/Manifest.lock\" > /dev/null\nif [ $? != 0 ] ; then\n    # print error to STDERR\n    echo \"error: The sandbox is not in sync with the Podfile.lock. Run 'pod install' or update your CocoaPods installation.\" >&2\n    exit 1\nfi\n# This output is used by Xcode 'outputs' to avoid re-running this script phase.\necho \"SUCCESS\" > \"${SCRIPT_OUTPUT_FILE_0}\"\n";
			showEnvVarsInLog = 0;
		};
		C0B7493228502DFC003F4021 /* ShellScript */ = {
			isa = PBXShellScriptBuildPhase;
			buildActionMask = 2147483647;
			files = (
			);
			inputFileListPaths = (
			);
			inputPaths = (
			);
			outputFileListPaths = (
			);
			outputPaths = (
			);
			runOnlyForDeploymentPostprocessing = 0;
			shellPath = /bin/sh;
			shellScript = "# Type a script or drag a script file from your workspace to insert its path.\n\"${PODS_ROOT}/SwiftLint/swiftlint\"\n";
		};
/* End PBXShellScriptBuildPhase section */

/* Begin PBXSourcesBuildPhase section */
		C0869A0527E4644300BF5ED8 /* Sources */ = {
			isa = PBXSourcesBuildPhase;
			buildActionMask = 2147483647;
			files = (
				C0869A0C27E4644300BF5ED8 /* GalleryTests.swift in Sources */,
			);
			runOnlyForDeploymentPostprocessing = 0;
		};
		C0FBCB0627AFE2A70078C90D /* Sources */ = {
			isa = PBXSourcesBuildPhase;
			buildActionMask = 2147483647;
			files = (
				C09ED72627E029D700460FDE /* GalleryItem.swift in Sources */,
				C09C23F227B238080059755D /* GalleryViewController.swift in Sources */,
				C058AC8F2897652C00EDE2D3 /* MenuViewAssembly.swift in Sources */,
				C0FBCB1227AFE2A70078C90D /* MenuViewController.swift in Sources */,
				C0FBCB0E27AFE2A70078C90D /* AppDelegate.swift in Sources */,
				C0739CF2286970B9006B8BB2 /* GalleryCollectionViewManager.swift in Sources */,
				C0869A0427E40DB000BF5ED8 /* MenuButton.swift in Sources */,
				C0BF55B227CC503D00D8C7B4 /* ImageLoaderImpl.swift in Sources */,
				C0739CF02869708D006B8BB2 /* GalleryCollectionViewModel.swift in Sources */,
				C0845BB22872E6000082D035 /* GalleryItemBuilderImpl.swift in Sources */,
				C0B93DE02865742200378B2B /* MenuViewControllerRouter.swift in Sources */,
				C0845BB52872E7230082D035 /* GlobalConstants.swift in Sources */,
				C058AC8C28975FC300EDE2D3 /* GalleryItemBuilder.swift in Sources */,
				C0FBCB2727AFE5F60078C90D /* GalleryCell.swift in Sources */,
				C058AC9628976FE300EDE2D3 /* ServiceAssembly.swift in Sources */,
				C058AC9128976AEC00EDE2D3 /* GalleryViewAssembly.swift in Sources */,
				C058AC8A2897533A00EDE2D3 /* ImageLoader.swift in Sources */,
				C0B582BA28CF224400644D9B /* MainAssembler.swift in Sources */,
			);
			runOnlyForDeploymentPostprocessing = 0;
		};
/* End PBXSourcesBuildPhase section */

/* Begin PBXTargetDependency section */
		C0869A0E27E4644300BF5ED8 /* PBXTargetDependency */ = {
			isa = PBXTargetDependency;
			target = C0FBCB0927AFE2A70078C90D /* Gallery */;
			targetProxy = C0869A0D27E4644300BF5ED8 /* PBXContainerItemProxy */;
		};
/* End PBXTargetDependency section */

/* Begin PBXVariantGroup section */
		C0FBCB1827AFE2A80078C90D /* LaunchScreen.storyboard */ = {
			isa = PBXVariantGroup;
			children = (
				C0FBCB1927AFE2A80078C90D /* Base */,
			);
			name = LaunchScreen.storyboard;
			sourceTree = "<group>";
		};
/* End PBXVariantGroup section */

/* Begin XCBuildConfiguration section */
		C0869A1027E4644300BF5ED8 /* Debug */ = {
			isa = XCBuildConfiguration;
			baseConfigurationReference = DFB99BB72D9361ECEBFDAD27 /* Pods-GalleryTests.debug.xcconfig */;
			buildSettings = {
				BUNDLE_LOADER = "$(TEST_HOST)";
				CODE_SIGN_STYLE = Automatic;
				CURRENT_PROJECT_VERSION = 1;
				DEVELOPMENT_TEAM = 76DU36462D;
				GENERATE_INFOPLIST_FILE = YES;
				LD_RUNPATH_SEARCH_PATHS = (
					"$(inherited)",
					"@executable_path/Frameworks",
					"@loader_path/Frameworks",
				);
				MARKETING_VERSION = 1.0;
				PRODUCT_BUNDLE_IDENTIFIER = katebekk.GalleryTests;
				PRODUCT_NAME = "$(TARGET_NAME)";
				SWIFT_EMIT_LOC_STRINGS = NO;
				SWIFT_VERSION = 5.0;
				TARGETED_DEVICE_FAMILY = "1,2";
				TEST_HOST = "$(BUILT_PRODUCTS_DIR)/Gallery.app/Gallery";
			};
			name = Debug;
		};
		C0869A1127E4644300BF5ED8 /* Release */ = {
			isa = XCBuildConfiguration;
			baseConfigurationReference = 3882D8BD2AC9866F4CB5DB16 /* Pods-GalleryTests.release.xcconfig */;
			buildSettings = {
				BUNDLE_LOADER = "$(TEST_HOST)";
				CODE_SIGN_STYLE = Automatic;
				CURRENT_PROJECT_VERSION = 1;
				DEVELOPMENT_TEAM = 76DU36462D;
				GENERATE_INFOPLIST_FILE = YES;
				LD_RUNPATH_SEARCH_PATHS = (
					"$(inherited)",
					"@executable_path/Frameworks",
					"@loader_path/Frameworks",
				);
				MARKETING_VERSION = 1.0;
				PRODUCT_BUNDLE_IDENTIFIER = katebekk.GalleryTests;
				PRODUCT_NAME = "$(TARGET_NAME)";
				SWIFT_EMIT_LOC_STRINGS = NO;
				SWIFT_VERSION = 5.0;
				TARGETED_DEVICE_FAMILY = "1,2";
				TEST_HOST = "$(BUILT_PRODUCTS_DIR)/Gallery.app/Gallery";
			};
			name = Release;
		};
		C0FBCB1C27AFE2A80078C90D /* Debug */ = {
			isa = XCBuildConfiguration;
			buildSettings = {
				ALWAYS_SEARCH_USER_PATHS = NO;
				CLANG_ANALYZER_NONNULL = YES;
				CLANG_ANALYZER_NUMBER_OBJECT_CONVERSION = YES_AGGRESSIVE;
				CLANG_CXX_LANGUAGE_STANDARD = "gnu++17";
				CLANG_CXX_LIBRARY = "libc++";
				CLANG_ENABLE_MODULES = YES;
				CLANG_ENABLE_OBJC_ARC = YES;
				CLANG_ENABLE_OBJC_WEAK = YES;
				CLANG_WARN_BLOCK_CAPTURE_AUTORELEASING = YES;
				CLANG_WARN_BOOL_CONVERSION = YES;
				CLANG_WARN_COMMA = YES;
				CLANG_WARN_CONSTANT_CONVERSION = YES;
				CLANG_WARN_DEPRECATED_OBJC_IMPLEMENTATIONS = YES;
				CLANG_WARN_DIRECT_OBJC_ISA_USAGE = YES_ERROR;
				CLANG_WARN_DOCUMENTATION_COMMENTS = YES;
				CLANG_WARN_EMPTY_BODY = YES;
				CLANG_WARN_ENUM_CONVERSION = YES;
				CLANG_WARN_INFINITE_RECURSION = YES;
				CLANG_WARN_INT_CONVERSION = YES;
				CLANG_WARN_NON_LITERAL_NULL_CONVERSION = YES;
				CLANG_WARN_OBJC_IMPLICIT_RETAIN_SELF = YES;
				CLANG_WARN_OBJC_LITERAL_CONVERSION = YES;
				CLANG_WARN_OBJC_ROOT_CLASS = YES_ERROR;
				CLANG_WARN_QUOTED_INCLUDE_IN_FRAMEWORK_HEADER = YES;
				CLANG_WARN_RANGE_LOOP_ANALYSIS = YES;
				CLANG_WARN_STRICT_PROTOTYPES = YES;
				CLANG_WARN_SUSPICIOUS_MOVE = YES;
				CLANG_WARN_UNGUARDED_AVAILABILITY = YES_AGGRESSIVE;
				CLANG_WARN_UNREACHABLE_CODE = YES;
				CLANG_WARN__DUPLICATE_METHOD_MATCH = YES;
				COPY_PHASE_STRIP = NO;
				DEBUG_INFORMATION_FORMAT = dwarf;
				ENABLE_STRICT_OBJC_MSGSEND = YES;
				ENABLE_TESTABILITY = YES;
				GCC_C_LANGUAGE_STANDARD = gnu11;
				GCC_DYNAMIC_NO_PIC = NO;
				GCC_NO_COMMON_BLOCKS = YES;
				GCC_OPTIMIZATION_LEVEL = 0;
				GCC_PREPROCESSOR_DEFINITIONS = (
					"DEBUG=1",
					"$(inherited)",
				);
				GCC_WARN_64_TO_32_BIT_CONVERSION = YES;
				GCC_WARN_ABOUT_RETURN_TYPE = YES_ERROR;
				GCC_WARN_UNDECLARED_SELECTOR = YES;
				GCC_WARN_UNINITIALIZED_AUTOS = YES_AGGRESSIVE;
				GCC_WARN_UNUSED_FUNCTION = YES;
				GCC_WARN_UNUSED_VARIABLE = YES;
				IPHONEOS_DEPLOYMENT_TARGET = 12.0;
				MTL_ENABLE_DEBUG_INFO = INCLUDE_SOURCE;
				MTL_FAST_MATH = YES;
				ONLY_ACTIVE_ARCH = YES;
				SDKROOT = iphoneos;
				SWIFT_ACTIVE_COMPILATION_CONDITIONS = DEBUG;
				SWIFT_OPTIMIZATION_LEVEL = "-Onone";
			};
			name = Debug;
		};
		C0FBCB1D27AFE2A80078C90D /* Release */ = {
			isa = XCBuildConfiguration;
			buildSettings = {
				ALWAYS_SEARCH_USER_PATHS = NO;
				CLANG_ANALYZER_NONNULL = YES;
				CLANG_ANALYZER_NUMBER_OBJECT_CONVERSION = YES_AGGRESSIVE;
				CLANG_CXX_LANGUAGE_STANDARD = "gnu++17";
				CLANG_CXX_LIBRARY = "libc++";
				CLANG_ENABLE_MODULES = YES;
				CLANG_ENABLE_OBJC_ARC = YES;
				CLANG_ENABLE_OBJC_WEAK = YES;
				CLANG_WARN_BLOCK_CAPTURE_AUTORELEASING = YES;
				CLANG_WARN_BOOL_CONVERSION = YES;
				CLANG_WARN_COMMA = YES;
				CLANG_WARN_CONSTANT_CONVERSION = YES;
				CLANG_WARN_DEPRECATED_OBJC_IMPLEMENTATIONS = YES;
				CLANG_WARN_DIRECT_OBJC_ISA_USAGE = YES_ERROR;
				CLANG_WARN_DOCUMENTATION_COMMENTS = YES;
				CLANG_WARN_EMPTY_BODY = YES;
				CLANG_WARN_ENUM_CONVERSION = YES;
				CLANG_WARN_INFINITE_RECURSION = YES;
				CLANG_WARN_INT_CONVERSION = YES;
				CLANG_WARN_NON_LITERAL_NULL_CONVERSION = YES;
				CLANG_WARN_OBJC_IMPLICIT_RETAIN_SELF = YES;
				CLANG_WARN_OBJC_LITERAL_CONVERSION = YES;
				CLANG_WARN_OBJC_ROOT_CLASS = YES_ERROR;
				CLANG_WARN_QUOTED_INCLUDE_IN_FRAMEWORK_HEADER = YES;
				CLANG_WARN_RANGE_LOOP_ANALYSIS = YES;
				CLANG_WARN_STRICT_PROTOTYPES = YES;
				CLANG_WARN_SUSPICIOUS_MOVE = YES;
				CLANG_WARN_UNGUARDED_AVAILABILITY = YES_AGGRESSIVE;
				CLANG_WARN_UNREACHABLE_CODE = YES;
				CLANG_WARN__DUPLICATE_METHOD_MATCH = YES;
				COPY_PHASE_STRIP = NO;
				DEBUG_INFORMATION_FORMAT = "dwarf-with-dsym";
				ENABLE_NS_ASSERTIONS = NO;
				ENABLE_STRICT_OBJC_MSGSEND = YES;
				GCC_C_LANGUAGE_STANDARD = gnu11;
				GCC_NO_COMMON_BLOCKS = YES;
				GCC_WARN_64_TO_32_BIT_CONVERSION = YES;
				GCC_WARN_ABOUT_RETURN_TYPE = YES_ERROR;
				GCC_WARN_UNDECLARED_SELECTOR = YES;
				GCC_WARN_UNINITIALIZED_AUTOS = YES_AGGRESSIVE;
				GCC_WARN_UNUSED_FUNCTION = YES;
				GCC_WARN_UNUSED_VARIABLE = YES;
				IPHONEOS_DEPLOYMENT_TARGET = 12.0;
				MTL_ENABLE_DEBUG_INFO = NO;
				MTL_FAST_MATH = YES;
				SDKROOT = iphoneos;
				SWIFT_COMPILATION_MODE = wholemodule;
				SWIFT_OPTIMIZATION_LEVEL = "-O";
				VALIDATE_PRODUCT = YES;
			};
			name = Release;
		};
		C0FBCB1F27AFE2A80078C90D /* Debug */ = {
			isa = XCBuildConfiguration;
			baseConfigurationReference = FDA4CAC7776F764BA024F485 /* Pods-Gallery.debug.xcconfig */;
			buildSettings = {
				ASSETCATALOG_COMPILER_APPICON_NAME = AppIcon;
				ASSETCATALOG_COMPILER_GLOBAL_ACCENT_COLOR_NAME = AccentColor;
				CODE_SIGN_STYLE = Automatic;
				CURRENT_PROJECT_VERSION = 2;
				DEVELOPMENT_TEAM = 76DU36462D;
				GENERATE_INFOPLIST_FILE = YES;
				INFOPLIST_FILE = Gallery/Info.plist;
				INFOPLIST_KEY_UIApplicationSupportsIndirectInputEvents = YES;
				INFOPLIST_KEY_UILaunchStoryboardName = LaunchScreen;
				INFOPLIST_KEY_UIMainStoryboardFile = LaunchScreen;
				INFOPLIST_KEY_UISupportedInterfaceOrientations_iPad = "UIInterfaceOrientationPortrait UIInterfaceOrientationPortraitUpsideDown UIInterfaceOrientationLandscapeLeft UIInterfaceOrientationLandscapeRight";
				INFOPLIST_KEY_UISupportedInterfaceOrientations_iPhone = "UIInterfaceOrientationPortrait UIInterfaceOrientationLandscapeLeft UIInterfaceOrientationLandscapeRight";
				LD_RUNPATH_SEARCH_PATHS = (
					"$(inherited)",
					"@executable_path/Frameworks",
				);
				MARKETING_VERSION = 1.0;
				PRODUCT_BUNDLE_IDENTIFIER = katebekk.Gallery;
				PRODUCT_NAME = "$(TARGET_NAME)";
				SWIFT_EMIT_LOC_STRINGS = YES;
				SWIFT_VERSION = 5.0;
				TARGETED_DEVICE_FAMILY = "1,2";
			};
			name = Debug;
		};
		C0FBCB2027AFE2A80078C90D /* Release */ = {
			isa = XCBuildConfiguration;
			baseConfigurationReference = 0303BE3172315E068FFE2B81 /* Pods-Gallery.release.xcconfig */;
			buildSettings = {
				ASSETCATALOG_COMPILER_APPICON_NAME = AppIcon;
				ASSETCATALOG_COMPILER_GLOBAL_ACCENT_COLOR_NAME = AccentColor;
				CODE_SIGN_STYLE = Automatic;
				CURRENT_PROJECT_VERSION = 2;
				DEVELOPMENT_TEAM = 76DU36462D;
				GENERATE_INFOPLIST_FILE = YES;
				INFOPLIST_FILE = Gallery/Info.plist;
				INFOPLIST_KEY_UIApplicationSupportsIndirectInputEvents = YES;
				INFOPLIST_KEY_UILaunchStoryboardName = LaunchScreen;
				INFOPLIST_KEY_UIMainStoryboardFile = LaunchScreen;
				INFOPLIST_KEY_UISupportedInterfaceOrientations_iPad = "UIInterfaceOrientationPortrait UIInterfaceOrientationPortraitUpsideDown UIInterfaceOrientationLandscapeLeft UIInterfaceOrientationLandscapeRight";
				INFOPLIST_KEY_UISupportedInterfaceOrientations_iPhone = "UIInterfaceOrientationPortrait UIInterfaceOrientationLandscapeLeft UIInterfaceOrientationLandscapeRight";
				LD_RUNPATH_SEARCH_PATHS = (
					"$(inherited)",
					"@executable_path/Frameworks",
				);
				MARKETING_VERSION = 1.0;
				PRODUCT_BUNDLE_IDENTIFIER = katebekk.Gallery;
				PRODUCT_NAME = "$(TARGET_NAME)";
				SWIFT_EMIT_LOC_STRINGS = YES;
				SWIFT_VERSION = 5.0;
				TARGETED_DEVICE_FAMILY = "1,2";
			};
			name = Release;
		};
/* End XCBuildConfiguration section */

/* Begin XCConfigurationList section */
		C0869A0F27E4644300BF5ED8 /* Build configuration list for PBXNativeTarget "GalleryTests" */ = {
			isa = XCConfigurationList;
			buildConfigurations = (
				C0869A1027E4644300BF5ED8 /* Debug */,
				C0869A1127E4644300BF5ED8 /* Release */,
			);
			defaultConfigurationIsVisible = 0;
			defaultConfigurationName = Release;
		};
		C0FBCB0527AFE2A70078C90D /* Build configuration list for PBXProject "Gallery" */ = {
			isa = XCConfigurationList;
			buildConfigurations = (
				C0FBCB1C27AFE2A80078C90D /* Debug */,
				C0FBCB1D27AFE2A80078C90D /* Release */,
			);
			defaultConfigurationIsVisible = 0;
			defaultConfigurationName = Release;
		};
		C0FBCB1E27AFE2A80078C90D /* Build configuration list for PBXNativeTarget "Gallery" */ = {
			isa = XCConfigurationList;
			buildConfigurations = (
				C0FBCB1F27AFE2A80078C90D /* Debug */,
				C0FBCB2027AFE2A80078C90D /* Release */,
			);
			defaultConfigurationIsVisible = 0;
			defaultConfigurationName = Release;
		};
/* End XCConfigurationList section */
	};
	rootObject = C0FBCB0227AFE2A70078C90D /* Project object */;
}
