// !$*UTF8*$!
{
	archiveVersion = 1;
	classes = {
	};
	objectVersion = 55;
	objects = {

/* Begin PBXBuildFile section */
		0D4E7E6A1413C7D3757DDE5C /* MenuViewIO.swift in Sources */ = {isa = PBXBuildFile; fileRef = 1DAE9A60398B82A9FFEE421F /* MenuViewIO.swift */; };
		13418B74D424FBF191FA0610 /* GalleryPresenter.swift in Sources */ = {isa = PBXBuildFile; fileRef = 5DCF86320EA7C7C43554B7A9 /* GalleryPresenter.swift */; };
		1CCDFE980871FE99E102AB84 /* GalleryStateStorage.swift in Sources */ = {isa = PBXBuildFile; fileRef = 2031AEC349ADD00FF7CA7BC2 /* GalleryStateStorage.swift */; };
		27962AAF5A179B159BF84C9E /* MenuModuleData.swift in Sources */ = {isa = PBXBuildFile; fileRef = 11FF367737961B9D560205E5 /* MenuModuleData.swift */; };
		28F4286DE60B5241A2178D80 /* MenuViewController.swift in Sources */ = {isa = PBXBuildFile; fileRef = 9AAF8195C2BFC5A7513737E3 /* MenuViewController.swift */; };
		2F8A55C3A4ACE5FA13EA0EBC /* MenuAssembly.swift in Sources */ = {isa = PBXBuildFile; fileRef = E57EDBCB645BAA472FB375C6 /* MenuAssembly.swift */; };
		35E32F7C17E2E77427D217B1 /* MenuRouterInput.swift in Sources */ = {isa = PBXBuildFile; fileRef = 28B0502960A1A469B73F902D /* MenuRouterInput.swift */; };
		3D765B7CAF492C3D620D544B /* GalleryAssembly.swift in Sources */ = {isa = PBXBuildFile; fileRef = 8D41CC98229ADAD3D9A4A71A /* GalleryAssembly.swift */; };
		40F7D56B63B5735BD08B6111 /* MenuStateStorage.swift in Sources */ = {isa = PBXBuildFile; fileRef = 47C0CAE2E002FA4C5CA6ECE5 /* MenuStateStorage.swift */; };
		5D872AE818C28632CD0BEE65 /* Pods_GalleryTests.framework in Frameworks */ = {isa = PBXBuildFile; fileRef = 35A58A6B7C5A6A8FC0994591 /* Pods_GalleryTests.framework */; };
		6F76422B71A0B793641716B2 /* MenuRouter.swift in Sources */ = {isa = PBXBuildFile; fileRef = 3C776C12FE5EA388C5A55EF1 /* MenuRouter.swift */; };
		7654F351392D22AD9EAC05B2 /* MenuPresenter.swift in Sources */ = {isa = PBXBuildFile; fileRef = C2BBD5746B74BEBB295A25F2 /* MenuPresenter.swift */; };
		A48D46F12B780624A3A4FEF5 /* Pods_Gallery.framework in Frameworks */ = {isa = PBXBuildFile; fileRef = F3AC376461F26EBD5A82C0DC /* Pods_Gallery.framework */; };
		A7D17C3B16672F5A8C5470D1 /* MenuInteractor.swift in Sources */ = {isa = PBXBuildFile; fileRef = 01206B90B59D9661D881638F /* MenuInteractor.swift */; };
		ABF723E14CB31D617B1E5595 /* MenuModule.swift in Sources */ = {isa = PBXBuildFile; fileRef = 8EB019162D188D2236B2CA27 /* MenuModule.swift */; };
		C058AC8A2897533A00EDE2D3 /* ImageLoader.swift in Sources */ = {isa = PBXBuildFile; fileRef = C058AC892897533A00EDE2D3 /* ImageLoader.swift */; };
		C058AC8C28975FC300EDE2D3 /* GalleryItemBuilder.swift in Sources */ = {isa = PBXBuildFile; fileRef = C058AC8B28975FC300EDE2D3 /* GalleryItemBuilder.swift */; };
		C058AC9628976FE300EDE2D3 /* ServiceAssembly.swift in Sources */ = {isa = PBXBuildFile; fileRef = C058AC9528976FE300EDE2D3 /* ServiceAssembly.swift */; };
		C0739CF02869708D006B8BB2 /* GalleryCollectionViewModel.swift in Sources */ = {isa = PBXBuildFile; fileRef = C0739CEF2869708D006B8BB2 /* GalleryCollectionViewModel.swift */; };
		C0739CF2286970B9006B8BB2 /* GalleryCollectionViewManager.swift in Sources */ = {isa = PBXBuildFile; fileRef = C0739CF1286970B9006B8BB2 /* GalleryCollectionViewManager.swift */; };
		C07D6E1128E53985005D2D28 /* GalleryModule.swift in Sources */ = {isa = PBXBuildFile; fileRef = C07D6E1028E53985005D2D28 /* GalleryModule.swift */; };
		C07D6E1328E539BC005D2D28 /* GalleryModuleData.swift in Sources */ = {isa = PBXBuildFile; fileRef = C07D6E1228E539BC005D2D28 /* GalleryModuleData.swift */; };
		C07D6E1C28E69610005D2D28 /* GalleryViewController.m in Sources */ = {isa = PBXBuildFile; fileRef = C07D6E1B28E69610005D2D28 /* GalleryViewController.m */; };
		C0845BB22872E6000082D035 /* GalleryItemBuilderImpl.swift in Sources */ = {isa = PBXBuildFile; fileRef = C0845BB12872E6000082D035 /* GalleryItemBuilderImpl.swift */; };
		C0845BB52872E7230082D035 /* GlobalConstants.swift in Sources */ = {isa = PBXBuildFile; fileRef = C0845BB42872E7230082D035 /* GlobalConstants.swift */; };
		C0869A0427E40DB000BF5ED8 /* MenuButton.swift in Sources */ = {isa = PBXBuildFile; fileRef = C0869A0327E40DB000BF5ED8 /* MenuButton.swift */; };
		C0869A0C27E4644300BF5ED8 /* GalleryTests.swift in Sources */ = {isa = PBXBuildFile; fileRef = C0869A0B27E4644300BF5ED8 /* GalleryTests.swift */; };
		C09ED72627E029D700460FDE /* GalleryCellModel.swift in Sources */ = {isa = PBXBuildFile; fileRef = C09ED72527E029D700460FDE /* GalleryCellModel.swift */; };
		C0B582BA28CF224400644D9B /* MainAssembler.swift in Sources */ = {isa = PBXBuildFile; fileRef = C0B582B928CF224400644D9B /* MainAssembler.swift */; };
		C0BF55B227CC503D00D8C7B4 /* ImageLoaderImpl.swift in Sources */ = {isa = PBXBuildFile; fileRef = C0BF55B127CC503D00D8C7B4 /* ImageLoaderImpl.swift */; };
		C0FBCB0E27AFE2A70078C90D /* AppDelegate.swift in Sources */ = {isa = PBXBuildFile; fileRef = C0FBCB0D27AFE2A70078C90D /* AppDelegate.swift */; };
		C0FBCB1727AFE2A80078C90D /* Assets.xcassets in Resources */ = {isa = PBXBuildFile; fileRef = C0FBCB1627AFE2A80078C90D /* Assets.xcassets */; };
		C0FBCB1A27AFE2A80078C90D /* LaunchScreen.storyboard in Resources */ = {isa = PBXBuildFile; fileRef = C0FBCB1827AFE2A80078C90D /* LaunchScreen.storyboard */; };
		C0FBCB2727AFE5F60078C90D /* GalleryCell.swift in Sources */ = {isa = PBXBuildFile; fileRef = C0FBCB2627AFE5F60078C90D /* GalleryCell.swift */; };
		C2FB212B41664A1125F644E1 /* GalleryInteractorInput.swift in Sources */ = {isa = PBXBuildFile; fileRef = 6F815A4D03F5DAC03AE75804 /* GalleryInteractorInput.swift */; };
		D584330D1F1382E0A2445515 /* MenuInteractorInput.swift in Sources */ = {isa = PBXBuildFile; fileRef = CCC17789B7B6491AC64623BC /* MenuInteractorInput.swift */; };
		F44E8714369B9DFCBD6C1B6A /* GalleryInteractor.swift in Sources */ = {isa = PBXBuildFile; fileRef = F9E9E51BC95323825E486FA4 /* GalleryInteractor.swift */; };
		F84904939BA88DF0B66F5D9A /* GalleryViewOutput.swift in Sources */ = {isa = PBXBuildFile; fileRef = 07901C6DEB2E75285557D40C /* GalleryViewOutput.swift */; };
/* End PBXBuildFile section */

/* Begin PBXContainerItemProxy section */
		C0869A0D27E4644300BF5ED8 /* PBXContainerItemProxy */ = {
			isa = PBXContainerItemProxy;
			containerPortal = C0FBCB0227AFE2A70078C90D /* Project object */;
			proxyType = 1;
			remoteGlobalIDString = C0FBCB0927AFE2A70078C90D;
			remoteInfo = Gallery;
		};
/* End PBXContainerItemProxy section */

/* Begin PBXFileReference section */
		01206B90B59D9661D881638F /* MenuInteractor.swift */ = {isa = PBXFileReference; includeInIndex = 1; lastKnownFileType = sourcecode.swift; path = MenuInteractor.swift; sourceTree = "<group>"; };
		0303BE3172315E068FFE2B81 /* Pods-Gallery.release.xcconfig */ = {isa = PBXFileReference; includeInIndex = 1; lastKnownFileType = text.xcconfig; name = "Pods-Gallery.release.xcconfig"; path = "Target Support Files/Pods-Gallery/Pods-Gallery.release.xcconfig"; sourceTree = "<group>"; };
		07901C6DEB2E75285557D40C /* GalleryViewOutput.swift */ = {isa = PBXFileReference; includeInIndex = 1; lastKnownFileType = sourcecode.swift; path = GalleryViewOutput.swift; sourceTree = "<group>"; };
		11FF367737961B9D560205E5 /* MenuModuleData.swift */ = {isa = PBXFileReference; includeInIndex = 1; lastKnownFileType = sourcecode.swift; path = MenuModuleData.swift; sourceTree = "<group>"; };
		1DAE9A60398B82A9FFEE421F /* MenuViewIO.swift */ = {isa = PBXFileReference; includeInIndex = 1; lastKnownFileType = sourcecode.swift; path = MenuViewIO.swift; sourceTree = "<group>"; };
		2031AEC349ADD00FF7CA7BC2 /* GalleryStateStorage.swift */ = {isa = PBXFileReference; includeInIndex = 1; lastKnownFileType = sourcecode.swift; path = GalleryStateStorage.swift; sourceTree = "<group>"; };
		28B0502960A1A469B73F902D /* MenuRouterInput.swift */ = {isa = PBXFileReference; includeInIndex = 1; lastKnownFileType = sourcecode.swift; path = MenuRouterInput.swift; sourceTree = "<group>"; };
		35A58A6B7C5A6A8FC0994591 /* Pods_GalleryTests.framework */ = {isa = PBXFileReference; explicitFileType = wrapper.framework; includeInIndex = 0; path = Pods_GalleryTests.framework; sourceTree = BUILT_PRODUCTS_DIR; };
		3882D8BD2AC9866F4CB5DB16 /* Pods-GalleryTests.release.xcconfig */ = {isa = PBXFileReference; includeInIndex = 1; lastKnownFileType = text.xcconfig; name = "Pods-GalleryTests.release.xcconfig"; path = "Target Support Files/Pods-GalleryTests/Pods-GalleryTests.release.xcconfig"; sourceTree = "<group>"; };
		3C776C12FE5EA388C5A55EF1 /* MenuRouter.swift */ = {isa = PBXFileReference; includeInIndex = 1; lastKnownFileType = sourcecode.swift; path = MenuRouter.swift; sourceTree = "<group>"; };
		47C0CAE2E002FA4C5CA6ECE5 /* MenuStateStorage.swift */ = {isa = PBXFileReference; includeInIndex = 1; lastKnownFileType = sourcecode.swift; path = MenuStateStorage.swift; sourceTree = "<group>"; };
		5DCF86320EA7C7C43554B7A9 /* GalleryPresenter.swift */ = {isa = PBXFileReference; includeInIndex = 1; lastKnownFileType = sourcecode.swift; path = GalleryPresenter.swift; sourceTree = "<group>"; };
		6F815A4D03F5DAC03AE75804 /* GalleryInteractorInput.swift */ = {isa = PBXFileReference; includeInIndex = 1; lastKnownFileType = sourcecode.swift; path = GalleryInteractorInput.swift; sourceTree = "<group>"; };
		8D41CC98229ADAD3D9A4A71A /* GalleryAssembly.swift */ = {isa = PBXFileReference; includeInIndex = 1; lastKnownFileType = sourcecode.swift; path = GalleryAssembly.swift; sourceTree = "<group>"; };
		8EB019162D188D2236B2CA27 /* MenuModule.swift */ = {isa = PBXFileReference; includeInIndex = 1; lastKnownFileType = sourcecode.swift; path = MenuModule.swift; sourceTree = "<group>"; };
		9AAF8195C2BFC5A7513737E3 /* MenuViewController.swift */ = {isa = PBXFileReference; includeInIndex = 1; lastKnownFileType = sourcecode.swift; path = MenuViewController.swift; sourceTree = "<group>"; };
		C055972328EBC4B800E3A1DE /* Gallery-Bridging-Header.h */ = {isa = PBXFileReference; lastKnownFileType = sourcecode.c.h; path = "Gallery-Bridging-Header.h"; sourceTree = "<group>"; };
		C055972528EC613A00E3A1DE /* GalleryViewInput.h */ = {isa = PBXFileReference; lastKnownFileType = sourcecode.c.h; path = GalleryViewInput.h; sourceTree = "<group>"; };
		C058AC892897533A00EDE2D3 /* ImageLoader.swift */ = {isa = PBXFileReference; lastKnownFileType = sourcecode.swift; path = ImageLoader.swift; sourceTree = "<group>"; };
		C058AC8B28975FC300EDE2D3 /* GalleryItemBuilder.swift */ = {isa = PBXFileReference; lastKnownFileType = sourcecode.swift; path = GalleryItemBuilder.swift; sourceTree = "<group>"; };
		C058AC9528976FE300EDE2D3 /* ServiceAssembly.swift */ = {isa = PBXFileReference; lastKnownFileType = sourcecode.swift; path = ServiceAssembly.swift; sourceTree = "<group>"; };
		C0739CEF2869708D006B8BB2 /* GalleryCollectionViewModel.swift */ = {isa = PBXFileReference; lastKnownFileType = sourcecode.swift; path = GalleryCollectionViewModel.swift; sourceTree = "<group>"; };
		C0739CF1286970B9006B8BB2 /* GalleryCollectionViewManager.swift */ = {isa = PBXFileReference; lastKnownFileType = sourcecode.swift; path = GalleryCollectionViewManager.swift; sourceTree = "<group>"; };
		C07D6E1028E53985005D2D28 /* GalleryModule.swift */ = {isa = PBXFileReference; lastKnownFileType = sourcecode.swift; path = GalleryModule.swift; sourceTree = "<group>"; };
		C07D6E1228E539BC005D2D28 /* GalleryModuleData.swift */ = {isa = PBXFileReference; lastKnownFileType = sourcecode.swift; path = GalleryModuleData.swift; sourceTree = "<group>"; };
		C07D6E1A28E69610005D2D28 /* GalleryViewController.h */ = {isa = PBXFileReference; lastKnownFileType = sourcecode.c.h; path = GalleryViewController.h; sourceTree = "<group>"; };
		C07D6E1B28E69610005D2D28 /* GalleryViewController.m */ = {isa = PBXFileReference; lastKnownFileType = sourcecode.c.objc; path = GalleryViewController.m; sourceTree = "<group>"; };
		C0845BB12872E6000082D035 /* GalleryItemBuilderImpl.swift */ = {isa = PBXFileReference; lastKnownFileType = sourcecode.swift; path = GalleryItemBuilderImpl.swift; sourceTree = "<group>"; };
		C0845BB42872E7230082D035 /* GlobalConstants.swift */ = {isa = PBXFileReference; lastKnownFileType = sourcecode.swift; path = GlobalConstants.swift; sourceTree = "<group>"; };
		C0869A0327E40DB000BF5ED8 /* MenuButton.swift */ = {isa = PBXFileReference; lastKnownFileType = sourcecode.swift; path = MenuButton.swift; sourceTree = "<group>"; };
		C0869A0927E4644300BF5ED8 /* GalleryTests.xctest */ = {isa = PBXFileReference; explicitFileType = wrapper.cfbundle; includeInIndex = 0; path = GalleryTests.xctest; sourceTree = BUILT_PRODUCTS_DIR; };
		C0869A0B27E4644300BF5ED8 /* GalleryTests.swift */ = {isa = PBXFileReference; lastKnownFileType = sourcecode.swift; path = GalleryTests.swift; sourceTree = "<group>"; };
		C09ED72527E029D700460FDE /* GalleryCellModel.swift */ = {isa = PBXFileReference; lastKnownFileType = sourcecode.swift; path = GalleryCellModel.swift; sourceTree = "<group>"; };
		C0AA02C728ECF75800BFDF8D /* Gallery-Prefix.pch */ = {isa = PBXFileReference; lastKnownFileType = sourcecode.c.h; path = "Gallery-Prefix.pch"; sourceTree = "<group>"; };
		C0B582B928CF224400644D9B /* MainAssembler.swift */ = {isa = PBXFileReference; lastKnownFileType = sourcecode.swift; path = MainAssembler.swift; sourceTree = "<group>"; };
		C0BF55B127CC503D00D8C7B4 /* ImageLoaderImpl.swift */ = {isa = PBXFileReference; lastKnownFileType = sourcecode.swift; path = ImageLoaderImpl.swift; sourceTree = "<group>"; };
		C0FBCB0A27AFE2A70078C90D /* Gallery.app */ = {isa = PBXFileReference; explicitFileType = wrapper.application; includeInIndex = 0; path = Gallery.app; sourceTree = BUILT_PRODUCTS_DIR; };
		C0FBCB0D27AFE2A70078C90D /* AppDelegate.swift */ = {isa = PBXFileReference; lastKnownFileType = sourcecode.swift; path = AppDelegate.swift; sourceTree = "<group>"; };
		C0FBCB1627AFE2A80078C90D /* Assets.xcassets */ = {isa = PBXFileReference; lastKnownFileType = folder.assetcatalog; path = Assets.xcassets; sourceTree = "<group>"; };
		C0FBCB1927AFE2A80078C90D /* Base */ = {isa = PBXFileReference; lastKnownFileType = file.storyboard; name = Base; path = Base.lproj/LaunchScreen.storyboard; sourceTree = "<group>"; };
		C0FBCB1B27AFE2A80078C90D /* Info.plist */ = {isa = PBXFileReference; lastKnownFileType = text.plist.xml; path = Info.plist; sourceTree = "<group>"; };
		C0FBCB2627AFE5F60078C90D /* GalleryCell.swift */ = {isa = PBXFileReference; lastKnownFileType = sourcecode.swift; path = GalleryCell.swift; sourceTree = "<group>"; };
		C2BBD5746B74BEBB295A25F2 /* MenuPresenter.swift */ = {isa = PBXFileReference; includeInIndex = 1; lastKnownFileType = sourcecode.swift; path = MenuPresenter.swift; sourceTree = "<group>"; };
		CCC17789B7B6491AC64623BC /* MenuInteractorInput.swift */ = {isa = PBXFileReference; includeInIndex = 1; lastKnownFileType = sourcecode.swift; path = MenuInteractorInput.swift; sourceTree = "<group>"; };
		DFB99BB72D9361ECEBFDAD27 /* Pods-GalleryTests.debug.xcconfig */ = {isa = PBXFileReference; includeInIndex = 1; lastKnownFileType = text.xcconfig; name = "Pods-GalleryTests.debug.xcconfig"; path = "Target Support Files/Pods-GalleryTests/Pods-GalleryTests.debug.xcconfig"; sourceTree = "<group>"; };
		E57EDBCB645BAA472FB375C6 /* MenuAssembly.swift */ = {isa = PBXFileReference; includeInIndex = 1; lastKnownFileType = sourcecode.swift; path = MenuAssembly.swift; sourceTree = "<group>"; };
		F3AC376461F26EBD5A82C0DC /* Pods_Gallery.framework */ = {isa = PBXFileReference; explicitFileType = wrapper.framework; includeInIndex = 0; path = Pods_Gallery.framework; sourceTree = BUILT_PRODUCTS_DIR; };
		F9E9E51BC95323825E486FA4 /* GalleryInteractor.swift */ = {isa = PBXFileReference; includeInIndex = 1; lastKnownFileType = sourcecode.swift; path = GalleryInteractor.swift; sourceTree = "<group>"; };
		FDA4CAC7776F764BA024F485 /* Pods-Gallery.debug.xcconfig */ = {isa = PBXFileReference; includeInIndex = 1; lastKnownFileType = text.xcconfig; name = "Pods-Gallery.debug.xcconfig"; path = "Target Support Files/Pods-Gallery/Pods-Gallery.debug.xcconfig"; sourceTree = "<group>"; };
/* End PBXFileReference section */

/* Begin PBXFrameworksBuildPhase section */
		C0869A0627E4644300BF5ED8 /* Frameworks */ = {
			isa = PBXFrameworksBuildPhase;
			buildActionMask = 2147483647;
			files = (
				5D872AE818C28632CD0BEE65 /* Pods_GalleryTests.framework in Frameworks */,
			);
			runOnlyForDeploymentPostprocessing = 0;
		};
		C0FBCB0727AFE2A70078C90D /* Frameworks */ = {
			isa = PBXFrameworksBuildPhase;
			buildActionMask = 2147483647;
			files = (
				A48D46F12B780624A3A4FEF5 /* Pods_Gallery.framework in Frameworks */,
			);
			runOnlyForDeploymentPostprocessing = 0;
		};
/* End PBXFrameworksBuildPhase section */

/* Begin PBXGroup section */
		06F927046122605AEFA8A57C /* Presenter */ = {
			isa = PBXGroup;
			children = (
				5DCF86320EA7C7C43554B7A9 /* GalleryPresenter.swift */,
				2031AEC349ADD00FF7CA7BC2 /* GalleryStateStorage.swift */,
			);
			path = Presenter;
			sourceTree = "<group>";
		};
		0C7A2C0F8A9C0A7614E55C68 /* Presenter */ = {
			isa = PBXGroup;
			children = (
				C2BBD5746B74BEBB295A25F2 /* MenuPresenter.swift */,
				47C0CAE2E002FA4C5CA6ECE5 /* MenuStateStorage.swift */,
			);
			path = Presenter;
			sourceTree = "<group>";
		};
		141F86D35A5B783AB0F69E09 /* View */ = {
			isa = PBXGroup;
			children = (
				C0739CF3286BD43C006B8BB2 /* CollectionViewManeger */,
				C0033D4F28D94C5900D53D43 /* Cells */,
				C0033D4E28D94C1300D53D43 /* CellModels */,
				07901C6DEB2E75285557D40C /* GalleryViewOutput.swift */,
				C07D6E1B28E69610005D2D28 /* GalleryViewController.m */,
				C07D6E1A28E69610005D2D28 /* GalleryViewController.h */,
				C055972528EC613A00E3A1DE /* GalleryViewInput.h */,
			);
			path = View;
			sourceTree = "<group>";
		};
		26EF5695298225689A134B05 /* Interactor */ = {
			isa = PBXGroup;
			children = (
				CCC17789B7B6491AC64623BC /* MenuInteractorInput.swift */,
				01206B90B59D9661D881638F /* MenuInteractor.swift */,
			);
			path = Interactor;
			sourceTree = "<group>";
		};
		34E2FA88432F85CCE5486D4D /* Assembly */ = {
			isa = PBXGroup;
			children = (
				E57EDBCB645BAA472FB375C6 /* MenuAssembly.swift */,
			);
			path = Assembly;
			sourceTree = "<group>";
		};
		50369903853F20071F66200E /* Menu */ = {
			isa = PBXGroup;
			children = (
				822FA768CD276426C0994E0C /* View */,
				0C7A2C0F8A9C0A7614E55C68 /* Presenter */,
				26EF5695298225689A134B05 /* Interactor */,
				C48F7FB8FA4CEA81B29F3487 /* Router */,
				34E2FA88432F85CCE5486D4D /* Assembly */,
				E3CED1B2AB64203818AA8D62 /* Module */,
			);
			path = Menu;
			sourceTree = "<group>";
		};
		5FEB51FFA7BA5A8B12FB5CE2 /* Assembly */ = {
			isa = PBXGroup;
			children = (
				8D41CC98229ADAD3D9A4A71A /* GalleryAssembly.swift */,
			);
			path = Assembly;
			sourceTree = "<group>";
		};
		822FA768CD276426C0994E0C /* View */ = {
			isa = PBXGroup;
			children = (
				C0869A0327E40DB000BF5ED8 /* MenuButton.swift */,
				1DAE9A60398B82A9FFEE421F /* MenuViewIO.swift */,
				9AAF8195C2BFC5A7513737E3 /* MenuViewController.swift */,
			);
			path = View;
			sourceTree = "<group>";
		};
		96D379FE18D7394BCA03FE97 /* Gallery */ = {
			isa = PBXGroup;
			children = (
				C07D6E0F28E538F9005D2D28 /* Module */,
				141F86D35A5B783AB0F69E09 /* View */,
				06F927046122605AEFA8A57C /* Presenter */,
				DA00799921AE4BEE4560B301 /* Interactor */,
				5FEB51FFA7BA5A8B12FB5CE2 /* Assembly */,
			);
			path = Gallery;
			sourceTree = "<group>";
		};
		B5D616891BEE2C3B20AE500A /* Frameworks */ = {
			isa = PBXGroup;
			children = (
				F3AC376461F26EBD5A82C0DC /* Pods_Gallery.framework */,
				35A58A6B7C5A6A8FC0994591 /* Pods_GalleryTests.framework */,
			);
			name = Frameworks;
			sourceTree = "<group>";
		};
		C0033D4E28D94C1300D53D43 /* CellModels */ = {
			isa = PBXGroup;
			children = (
				C09ED72527E029D700460FDE /* GalleryCellModel.swift */,
			);
			path = CellModels;
			sourceTree = "<group>";
		};
		C0033D4F28D94C5900D53D43 /* Cells */ = {
			isa = PBXGroup;
			children = (
				C0FBCB2627AFE5F60078C90D /* GalleryCell.swift */,
			);
			path = Cells;
			sourceTree = "<group>";
		};
		C012916628D3066C00EC23D7 /* ApplicationLayer */ = {
			isa = PBXGroup;
			children = (
				C012916928D3086600EC23D7 /* AppDelegates */,
				C058AC9428976FA100EDE2D3 /* ApplicationAssembly */,
			);
			path = ApplicationLayer;
			sourceTree = "<group>";
		};
		C012916728D3067A00EC23D7 /* ServiceLayer */ = {
			isa = PBXGroup;
			children = (
				C012916A28D3088000EC23D7 /* Assemblies */,
				C05B59CE2845928B00E820B1 /* Services */,
			);
			path = ServiceLayer;
			sourceTree = "<group>";
		};
		C012916828D306BD00EC23D7 /* PresentationLayer */ = {
			isa = PBXGroup;
			children = (
				96D379FE18D7394BCA03FE97 /* Gallery */,
				50369903853F20071F66200E /* Menu */,
			);
			path = PresentationLayer;
			sourceTree = "<group>";
		};
		C012916928D3086600EC23D7 /* AppDelegates */ = {
			isa = PBXGroup;
			children = (
				C0FBCB0D27AFE2A70078C90D /* AppDelegate.swift */,
			);
			path = AppDelegates;
			sourceTree = "<group>";
		};
		C012916A28D3088000EC23D7 /* Assemblies */ = {
			isa = PBXGroup;
			children = (
				C058AC9528976FE300EDE2D3 /* ServiceAssembly.swift */,
			);
			path = Assemblies;
			sourceTree = "<group>";
		};
		C058AC9428976FA100EDE2D3 /* ApplicationAssembly */ = {
			isa = PBXGroup;
			children = (
				C0B582B928CF224400644D9B /* MainAssembler.swift */,
			);
			path = ApplicationAssembly;
			sourceTree = "<group>";
		};
		C05B59CE2845928B00E820B1 /* Services */ = {
			isa = PBXGroup;
			children = (
				C0845BB02872E5F30082D035 /* GalleryItemBuilder */,
				C05B59CF2845929F00E820B1 /* LoadImageService */,
			);
			path = Services;
			sourceTree = "<group>";
		};
		C05B59CF2845929F00E820B1 /* LoadImageService */ = {
			isa = PBXGroup;
			children = (
				C0BF55B127CC503D00D8C7B4 /* ImageLoaderImpl.swift */,
				C058AC892897533A00EDE2D3 /* ImageLoader.swift */,
			);
			path = LoadImageService;
			sourceTree = "<group>";
		};
		C0739CF3286BD43C006B8BB2 /* CollectionViewManeger */ = {
			isa = PBXGroup;
			children = (
				C0739CEF2869708D006B8BB2 /* GalleryCollectionViewModel.swift */,
				C0739CF1286970B9006B8BB2 /* GalleryCollectionViewManager.swift */,
			);
			path = CollectionViewManeger;
			sourceTree = "<group>";
		};
		C07D6E0F28E538F9005D2D28 /* Module */ = {
			isa = PBXGroup;
			children = (
				C07D6E1028E53985005D2D28 /* GalleryModule.swift */,
				C07D6E1228E539BC005D2D28 /* GalleryModuleData.swift */,
			);
			path = Module;
			sourceTree = "<group>";
		};
		C0845BB02872E5F30082D035 /* GalleryItemBuilder */ = {
			isa = PBXGroup;
			children = (
				C0845BB12872E6000082D035 /* GalleryItemBuilderImpl.swift */,
				C058AC8B28975FC300EDE2D3 /* GalleryItemBuilder.swift */,
			);
			path = GalleryItemBuilder;
			sourceTree = "<group>";
		};
		C0845BB32872E6CF0082D035 /* Constants */ = {
			isa = PBXGroup;
			children = (
				C0845BB42872E7230082D035 /* GlobalConstants.swift */,
			);
			path = Constants;
			sourceTree = "<group>";
		};
		C0869A0A27E4644300BF5ED8 /* GalleryTests */ = {
			isa = PBXGroup;
			children = (
				C0869A0B27E4644300BF5ED8 /* GalleryTests.swift */,
			);
			path = GalleryTests;
			sourceTree = "<group>";
		};
		C0FBCB0127AFE2A70078C90D = {
			isa = PBXGroup;
			children = (
				C0FBCB0C27AFE2A70078C90D /* Gallery */,
				C0869A0A27E4644300BF5ED8 /* GalleryTests */,
				C0FBCB0B27AFE2A70078C90D /* Products */,
				E26962E60E5040D383C6A875 /* Pods */,
				B5D616891BEE2C3B20AE500A /* Frameworks */,
			);
			sourceTree = "<group>";
		};
		C0FBCB0B27AFE2A70078C90D /* Products */ = {
			isa = PBXGroup;
			children = (
				C0FBCB0A27AFE2A70078C90D /* Gallery.app */,
				C0869A0927E4644300BF5ED8 /* GalleryTests.xctest */,
			);
			name = Products;
			sourceTree = "<group>";
		};
		C0FBCB0C27AFE2A70078C90D /* Gallery */ = {
			isa = PBXGroup;
			children = (
				C012916828D306BD00EC23D7 /* PresentationLayer */,
				C012916728D3067A00EC23D7 /* ServiceLayer */,
				C012916628D3066C00EC23D7 /* ApplicationLayer */,
				C0845BB32872E6CF0082D035 /* Constants */,
				C0FBCB1627AFE2A80078C90D /* Assets.xcassets */,
				C0FBCB1827AFE2A80078C90D /* LaunchScreen.storyboard */,
				C055972328EBC4B800E3A1DE /* Gallery-Bridging-Header.h */,
				C0FBCB1B27AFE2A80078C90D /* Info.plist */,
				C0AA02C728ECF75800BFDF8D /* Gallery-Prefix.pch */,
			);
			path = Gallery;
			sourceTree = "<group>";
		};
		C48F7FB8FA4CEA81B29F3487 /* Router */ = {
			isa = PBXGroup;
			children = (
				28B0502960A1A469B73F902D /* MenuRouterInput.swift */,
				3C776C12FE5EA388C5A55EF1 /* MenuRouter.swift */,
			);
			path = Router;
			sourceTree = "<group>";
		};
		DA00799921AE4BEE4560B301 /* Interactor */ = {
			isa = PBXGroup;
			children = (
				6F815A4D03F5DAC03AE75804 /* GalleryInteractorInput.swift */,
				F9E9E51BC95323825E486FA4 /* GalleryInteractor.swift */,
			);
			path = Interactor;
			sourceTree = "<group>";
		};
		E26962E60E5040D383C6A875 /* Pods */ = {
			isa = PBXGroup;
			children = (
				FDA4CAC7776F764BA024F485 /* Pods-Gallery.debug.xcconfig */,
				0303BE3172315E068FFE2B81 /* Pods-Gallery.release.xcconfig */,
				DFB99BB72D9361ECEBFDAD27 /* Pods-GalleryTests.debug.xcconfig */,
				3882D8BD2AC9866F4CB5DB16 /* Pods-GalleryTests.release.xcconfig */,
			);
			path = Pods;
			sourceTree = "<group>";
		};
		E3CED1B2AB64203818AA8D62 /* Module */ = {
			isa = PBXGroup;
			children = (
				8EB019162D188D2236B2CA27 /* MenuModule.swift */,
				11FF367737961B9D560205E5 /* MenuModuleData.swift */,
			);
			path = Module;
			sourceTree = "<group>";
		};
/* End PBXGroup section */

/* Begin PBXHeadersBuildPhase section */
		C055972428EC24D900E3A1DE /* Headers */ = {
			isa = PBXHeadersBuildPhase;
			buildActionMask = 2147483647;
			files = (
			);
			runOnlyForDeploymentPostprocessing = 0;
		};
/* End PBXHeadersBuildPhase section */

/* Begin PBXNativeTarget section */
		C0869A0827E4644300BF5ED8 /* GalleryTests */ = {
			isa = PBXNativeTarget;
			buildConfigurationList = C0869A0F27E4644300BF5ED8 /* Build configuration list for PBXNativeTarget "GalleryTests" */;
			buildPhases = (
				A0FED6262DA03588997D4FDC /* [CP] Check Pods Manifest.lock */,
				C0869A0527E4644300BF5ED8 /* Sources */,
				C0869A0627E4644300BF5ED8 /* Frameworks */,
				C0869A0727E4644300BF5ED8 /* Resources */,
			);
			buildRules = (
			);
			dependencies = (
				C0869A0E27E4644300BF5ED8 /* PBXTargetDependency */,
			);
			name = GalleryTests;
			productName = GalleryTests;
			productReference = C0869A0927E4644300BF5ED8 /* GalleryTests.xctest */;
			productType = "com.apple.product-type.bundle.unit-test";
		};
		C0FBCB0927AFE2A70078C90D /* Gallery */ = {
			isa = PBXNativeTarget;
			buildConfigurationList = C0FBCB1E27AFE2A80078C90D /* Build configuration list for PBXNativeTarget "Gallery" */;
			buildPhases = (
				3290B5515AAE7871235AC1A9 /* [CP] Check Pods Manifest.lock */,
				C055972428EC24D900E3A1DE /* Headers */,
				C0FBCB0627AFE2A70078C90D /* Sources */,
				C0FBCB0727AFE2A70078C90D /* Frameworks */,
				C0FBCB0827AFE2A70078C90D /* Resources */,
				C0B7493228502DFC003F4021 /* ShellScript */,
				5CB0811BB59B5526D4CE2AB3 /* [CP] Embed Pods Frameworks */,
			);
			buildRules = (
			);
			dependencies = (
			);
			name = Gallery;
			productName = TestTakFirstTry;
			productReference = C0FBCB0A27AFE2A70078C90D /* Gallery.app */;
			productType = "com.apple.product-type.application";
		};
/* End PBXNativeTarget section */

/* Begin PBXProject section */
		C0FBCB0227AFE2A70078C90D /* Project object */ = {
			isa = PBXProject;
			attributes = {
				BuildIndependentTargetsInParallel = 1;
				LastSwiftUpdateCheck = 1310;
				LastUpgradeCheck = 1310;
				TargetAttributes = {
					C0869A0827E4644300BF5ED8 = {
						CreatedOnToolsVersion = 13.1;
						TestTargetID = C0FBCB0927AFE2A70078C90D;
					};
					C0FBCB0927AFE2A70078C90D = {
						CreatedOnToolsVersion = 13.1;
						LastSwiftMigration = 1340;
					};
				};
			};
			buildConfigurationList = C0FBCB0527AFE2A70078C90D /* Build configuration list for PBXProject "Gallery" */;
			compatibilityVersion = "Xcode 13.0";
			developmentRegion = en;
			hasScannedForEncodings = 0;
			knownRegions = (
				en,
				Base,
			);
			mainGroup = C0FBCB0127AFE2A70078C90D;
			productRefGroup = C0FBCB0B27AFE2A70078C90D /* Products */;
			projectDirPath = "";
			projectRoot = "";
			targets = (
				C0FBCB0927AFE2A70078C90D /* Gallery */,
				C0869A0827E4644300BF5ED8 /* GalleryTests */,
			);
		};
/* End PBXProject section */

/* Begin PBXResourcesBuildPhase section */
		C0869A0727E4644300BF5ED8 /* Resources */ = {
			isa = PBXResourcesBuildPhase;
			buildActionMask = 2147483647;
			files = (
			);
			runOnlyForDeploymentPostprocessing = 0;
		};
		C0FBCB0827AFE2A70078C90D /* Resources */ = {
			isa = PBXResourcesBuildPhase;
			buildActionMask = 2147483647;
			files = (
				C0FBCB1A27AFE2A80078C90D /* LaunchScreen.storyboard in Resources */,
				C0FBCB1727AFE2A80078C90D /* Assets.xcassets in Resources */,
			);
			runOnlyForDeploymentPostprocessing = 0;
		};
/* End PBXResourcesBuildPhase section */

/* Begin PBXShellScriptBuildPhase section */
		3290B5515AAE7871235AC1A9 /* [CP] Check Pods Manifest.lock */ = {
			isa = PBXShellScriptBuildPhase;
			buildActionMask = 2147483647;
			files = (
			);
			inputFileListPaths = (
			);
			inputPaths = (
				"${PODS_PODFILE_DIR_PATH}/Podfile.lock",
				"${PODS_ROOT}/Manifest.lock",
			);
			name = "[CP] Check Pods Manifest.lock";
			outputFileListPaths = (
			);
			outputPaths = (
				"$(DERIVED_FILE_DIR)/Pods-Gallery-checkManifestLockResult.txt",
			);
			runOnlyForDeploymentPostprocessing = 0;
			shellPath = /bin/sh;
			shellScript = "diff \"${PODS_PODFILE_DIR_PATH}/Podfile.lock\" \"${PODS_ROOT}/Manifest.lock\" > /dev/null\nif [ $? != 0 ] ; then\n    # print error to STDERR\n    echo \"error: The sandbox is not in sync with the Podfile.lock. Run 'pod install' or update your CocoaPods installation.\" >&2\n    exit 1\nfi\n# This output is used by Xcode 'outputs' to avoid re-running this script phase.\necho \"SUCCESS\" > \"${SCRIPT_OUTPUT_FILE_0}\"\n";
			showEnvVarsInLog = 0;
		};
		5CB0811BB59B5526D4CE2AB3 /* [CP] Embed Pods Frameworks */ = {
			isa = PBXShellScriptBuildPhase;
			buildActionMask = 2147483647;
			files = (
			);
			inputFileListPaths = (
				"${PODS_ROOT}/Target Support Files/Pods-Gallery/Pods-Gallery-frameworks-${CONFIGURATION}-input-files.xcfilelist",
			);
			name = "[CP] Embed Pods Frameworks";
			outputFileListPaths = (
				"${PODS_ROOT}/Target Support Files/Pods-Gallery/Pods-Gallery-frameworks-${CONFIGURATION}-output-files.xcfilelist",
			);
			runOnlyForDeploymentPostprocessing = 0;
			shellPath = /bin/sh;
			shellScript = "\"${PODS_ROOT}/Target Support Files/Pods-Gallery/Pods-Gallery-frameworks.sh\"\n";
			showEnvVarsInLog = 0;
		};
		A0FED6262DA03588997D4FDC /* [CP] Check Pods Manifest.lock */ = {
			isa = PBXShellScriptBuildPhase;
			buildActionMask = 2147483647;
			files = (
			);
			inputFileListPaths = (
			);
			inputPaths = (
				"${PODS_PODFILE_DIR_PATH}/Podfile.lock",
				"${PODS_ROOT}/Manifest.lock",
			);
			name = "[CP] Check Pods Manifest.lock";
			outputFileListPaths = (
			);
			outputPaths = (
				"$(DERIVED_FILE_DIR)/Pods-GalleryTests-checkManifestLockResult.txt",
			);
			runOnlyForDeploymentPostprocessing = 0;
			shellPath = /bin/sh;
			shellScript = "diff \"${PODS_PODFILE_DIR_PATH}/Podfile.lock\" \"${PODS_ROOT}/Manifest.lock\" > /dev/null\nif [ $? != 0 ] ; then\n    # print error to STDERR\n    echo \"error: The sandbox is not in sync with the Podfile.lock. Run 'pod install' or update your CocoaPods installation.\" >&2\n    exit 1\nfi\n# This output is used by Xcode 'outputs' to avoid re-running this script phase.\necho \"SUCCESS\" > \"${SCRIPT_OUTPUT_FILE_0}\"\n";
			showEnvVarsInLog = 0;
		};
		C0B7493228502DFC003F4021 /* ShellScript */ = {
			isa = PBXShellScriptBuildPhase;
			buildActionMask = 2147483647;
			files = (
			);
			inputFileListPaths = (
			);
			inputPaths = (
			);
			outputFileListPaths = (
			);
			outputPaths = (
			);
			runOnlyForDeploymentPostprocessing = 0;
			shellPath = /bin/sh;
			shellScript = "# Type a script or drag a script file from your workspace to insert its path.\n\"${PODS_ROOT}/SwiftLint/swiftlint\"\n";
		};
/* End PBXShellScriptBuildPhase section */

/* Begin PBXSourcesBuildPhase section */
		C0869A0527E4644300BF5ED8 /* Sources */ = {
			isa = PBXSourcesBuildPhase;
			buildActionMask = 2147483647;
			files = (
				C0869A0C27E4644300BF5ED8 /* GalleryTests.swift in Sources */,
			);
			runOnlyForDeploymentPostprocessing = 0;
		};
		C0FBCB0627AFE2A70078C90D /* Sources */ = {
			isa = PBXSourcesBuildPhase;
			buildActionMask = 2147483647;
			files = (
				C09ED72627E029D700460FDE /* GalleryCellModel.swift in Sources */,
				C0FBCB0E27AFE2A70078C90D /* AppDelegate.swift in Sources */,
				C0739CF2286970B9006B8BB2 /* GalleryCollectionViewManager.swift in Sources */,
				C0869A0427E40DB000BF5ED8 /* MenuButton.swift in Sources */,
				C07D6E1128E53985005D2D28 /* GalleryModule.swift in Sources */,
				C0BF55B227CC503D00D8C7B4 /* ImageLoaderImpl.swift in Sources */,
				C0739CF02869708D006B8BB2 /* GalleryCollectionViewModel.swift in Sources */,
				C0845BB22872E6000082D035 /* GalleryItemBuilderImpl.swift in Sources */,
				C0845BB52872E7230082D035 /* GlobalConstants.swift in Sources */,
				C058AC8C28975FC300EDE2D3 /* GalleryItemBuilder.swift in Sources */,
				C0FBCB2727AFE5F60078C90D /* GalleryCell.swift in Sources */,
				C058AC9628976FE300EDE2D3 /* ServiceAssembly.swift in Sources */,
				C058AC8A2897533A00EDE2D3 /* ImageLoader.swift in Sources */,
				C0B582BA28CF224400644D9B /* MainAssembler.swift in Sources */,
				F84904939BA88DF0B66F5D9A /* GalleryViewOutput.swift in Sources */,
				13418B74D424FBF191FA0610 /* GalleryPresenter.swift in Sources */,
				1CCDFE980871FE99E102AB84 /* GalleryStateStorage.swift in Sources */,
				C2FB212B41664A1125F644E1 /* GalleryInteractorInput.swift in Sources */,
				F44E8714369B9DFCBD6C1B6A /* GalleryInteractor.swift in Sources */,
				3D765B7CAF492C3D620D544B /* GalleryAssembly.swift in Sources */,
				0D4E7E6A1413C7D3757DDE5C /* MenuViewIO.swift in Sources */,
				28F4286DE60B5241A2178D80 /* MenuViewController.swift in Sources */,
				C07D6E1328E539BC005D2D28 /* GalleryModuleData.swift in Sources */,
				7654F351392D22AD9EAC05B2 /* MenuPresenter.swift in Sources */,
				C07D6E1C28E69610005D2D28 /* GalleryViewController.m in Sources */,
				40F7D56B63B5735BD08B6111 /* MenuStateStorage.swift in Sources */,
				D584330D1F1382E0A2445515 /* MenuInteractorInput.swift in Sources */,
				A7D17C3B16672F5A8C5470D1 /* MenuInteractor.swift in Sources */,
				35E32F7C17E2E77427D217B1 /* MenuRouterInput.swift in Sources */,
				6F76422B71A0B793641716B2 /* MenuRouter.swift in Sources */,
				2F8A55C3A4ACE5FA13EA0EBC /* MenuAssembly.swift in Sources */,
				ABF723E14CB31D617B1E5595 /* MenuModule.swift in Sources */,
				27962AAF5A179B159BF84C9E /* MenuModuleData.swift in Sources */,
			);
			runOnlyForDeploymentPostprocessing = 0;
		};
/* End PBXSourcesBuildPhase section */

/* Begin PBXTargetDependency section */
		C0869A0E27E4644300BF5ED8 /* PBXTargetDependency */ = {
			isa = PBXTargetDependency;
			target = C0FBCB0927AFE2A70078C90D /* Gallery */;
			targetProxy = C0869A0D27E4644300BF5ED8 /* PBXContainerItemProxy */;
		};
/* End PBXTargetDependency section */

/* Begin PBXVariantGroup section */
		C0FBCB1827AFE2A80078C90D /* LaunchScreen.storyboard */ = {
			isa = PBXVariantGroup;
			children = (
				C0FBCB1927AFE2A80078C90D /* Base */,
			);
			name = LaunchScreen.storyboard;
			sourceTree = "<group>";
		};
/* End PBXVariantGroup section */

/* Begin XCBuildConfiguration section */
		C0869A1027E4644300BF5ED8 /* Debug */ = {
			isa = XCBuildConfiguration;
			baseConfigurationReference = DFB99BB72D9361ECEBFDAD27 /* Pods-GalleryTests.debug.xcconfig */;
			buildSettings = {
				BUNDLE_LOADER = "$(TEST_HOST)";
				CODE_SIGN_STYLE = Automatic;
				CURRENT_PROJECT_VERSION = 1;
				DEVELOPMENT_TEAM = 76DU36462D;
				GENERATE_INFOPLIST_FILE = YES;
				LD_RUNPATH_SEARCH_PATHS = (
					"$(inherited)",
					"@executable_path/Frameworks",
					"@loader_path/Frameworks",
				);
				MARKETING_VERSION = 1.0;
				PRODUCT_BUNDLE_IDENTIFIER = katebekk.GalleryTests;
				PRODUCT_NAME = "$(TARGET_NAME)";
				SWIFT_EMIT_LOC_STRINGS = NO;
				SWIFT_VERSION = 5.0;
				TARGETED_DEVICE_FAMILY = "1,2";
				TEST_HOST = "$(BUILT_PRODUCTS_DIR)/Gallery.app/Gallery";
			};
			name = Debug;
		};
		C0869A1127E4644300BF5ED8 /* Release */ = {
			isa = XCBuildConfiguration;
			baseConfigurationReference = 3882D8BD2AC9866F4CB5DB16 /* Pods-GalleryTests.release.xcconfig */;
			buildSettings = {
				BUNDLE_LOADER = "$(TEST_HOST)";
				CODE_SIGN_STYLE = Automatic;
				CURRENT_PROJECT_VERSION = 1;
				DEVELOPMENT_TEAM = 76DU36462D;
				GENERATE_INFOPLIST_FILE = YES;
				LD_RUNPATH_SEARCH_PATHS = (
					"$(inherited)",
					"@executable_path/Frameworks",
					"@loader_path/Frameworks",
				);
				MARKETING_VERSION = 1.0;
				PRODUCT_BUNDLE_IDENTIFIER = katebekk.GalleryTests;
				PRODUCT_NAME = "$(TARGET_NAME)";
				SWIFT_EMIT_LOC_STRINGS = NO;
				SWIFT_VERSION = 5.0;
				TARGETED_DEVICE_FAMILY = "1,2";
				TEST_HOST = "$(BUILT_PRODUCTS_DIR)/Gallery.app/Gallery";
			};
			name = Release;
		};
		C0FBCB1C27AFE2A80078C90D /* Debug */ = {
			isa = XCBuildConfiguration;
			buildSettings = {
				ALWAYS_SEARCH_USER_PATHS = NO;
				CLANG_ANALYZER_NONNULL = YES;
				CLANG_ANALYZER_NUMBER_OBJECT_CONVERSION = YES_AGGRESSIVE;
				CLANG_CXX_LANGUAGE_STANDARD = "gnu++17";
				CLANG_CXX_LIBRARY = "libc++";
				CLANG_ENABLE_MODULES = YES;
				CLANG_ENABLE_OBJC_ARC = YES;
				CLANG_ENABLE_OBJC_WEAK = YES;
				CLANG_WARN_BLOCK_CAPTURE_AUTORELEASING = YES;
				CLANG_WARN_BOOL_CONVERSION = YES;
				CLANG_WARN_COMMA = YES;
				CLANG_WARN_CONSTANT_CONVERSION = YES;
				CLANG_WARN_DEPRECATED_OBJC_IMPLEMENTATIONS = YES;
				CLANG_WARN_DIRECT_OBJC_ISA_USAGE = YES_ERROR;
				CLANG_WARN_DOCUMENTATION_COMMENTS = YES;
				CLANG_WARN_EMPTY_BODY = YES;
				CLANG_WARN_ENUM_CONVERSION = YES;
				CLANG_WARN_INFINITE_RECURSION = YES;
				CLANG_WARN_INT_CONVERSION = YES;
				CLANG_WARN_NON_LITERAL_NULL_CONVERSION = YES;
				CLANG_WARN_OBJC_IMPLICIT_RETAIN_SELF = YES;
				CLANG_WARN_OBJC_LITERAL_CONVERSION = YES;
				CLANG_WARN_OBJC_ROOT_CLASS = YES_ERROR;
				CLANG_WARN_QUOTED_INCLUDE_IN_FRAMEWORK_HEADER = YES;
				CLANG_WARN_RANGE_LOOP_ANALYSIS = YES;
				CLANG_WARN_STRICT_PROTOTYPES = YES;
				CLANG_WARN_SUSPICIOUS_MOVE = YES;
				CLANG_WARN_UNGUARDED_AVAILABILITY = YES_AGGRESSIVE;
				CLANG_WARN_UNREACHABLE_CODE = YES;
				CLANG_WARN__DUPLICATE_METHOD_MATCH = YES;
				COPY_PHASE_STRIP = NO;
				DEBUG_INFORMATION_FORMAT = dwarf;
				ENABLE_STRICT_OBJC_MSGSEND = YES;
				ENABLE_TESTABILITY = YES;
				GCC_C_LANGUAGE_STANDARD = gnu11;
				GCC_DYNAMIC_NO_PIC = NO;
				GCC_NO_COMMON_BLOCKS = YES;
				GCC_OPTIMIZATION_LEVEL = 0;
				GCC_PREPROCESSOR_DEFINITIONS = (
					"DEBUG=1",
					"$(inherited)",
				);
				GCC_WARN_64_TO_32_BIT_CONVERSION = YES;
				GCC_WARN_ABOUT_RETURN_TYPE = YES_ERROR;
				GCC_WARN_UNDECLARED_SELECTOR = YES;
				GCC_WARN_UNINITIALIZED_AUTOS = YES_AGGRESSIVE;
				GCC_WARN_UNUSED_FUNCTION = YES;
				GCC_WARN_UNUSED_VARIABLE = YES;
				IPHONEOS_DEPLOYMENT_TARGET = 12.0;
				MTL_ENABLE_DEBUG_INFO = INCLUDE_SOURCE;
				MTL_FAST_MATH = YES;
				ONLY_ACTIVE_ARCH = YES;
				SDKROOT = iphoneos;
				SWIFT_ACTIVE_COMPILATION_CONDITIONS = DEBUG;
				SWIFT_OPTIMIZATION_LEVEL = "-Onone";
			};
			name = Debug;
		};
		C0FBCB1D27AFE2A80078C90D /* Release */ = {
			isa = XCBuildConfiguration;
			buildSettings = {
				ALWAYS_SEARCH_USER_PATHS = NO;
				CLANG_ANALYZER_NONNULL = YES;
				CLANG_ANALYZER_NUMBER_OBJECT_CONVERSION = YES_AGGRESSIVE;
				CLANG_CXX_LANGUAGE_STANDARD = "gnu++17";
				CLANG_CXX_LIBRARY = "libc++";
				CLANG_ENABLE_MODULES = YES;
				CLANG_ENABLE_OBJC_ARC = YES;
				CLANG_ENABLE_OBJC_WEAK = YES;
				CLANG_WARN_BLOCK_CAPTURE_AUTORELEASING = YES;
				CLANG_WARN_BOOL_CONVERSION = YES;
				CLANG_WARN_COMMA = YES;
				CLANG_WARN_CONSTANT_CONVERSION = YES;
				CLANG_WARN_DEPRECATED_OBJC_IMPLEMENTATIONS = YES;
				CLANG_WARN_DIRECT_OBJC_ISA_USAGE = YES_ERROR;
				CLANG_WARN_DOCUMENTATION_COMMENTS = YES;
				CLANG_WARN_EMPTY_BODY = YES;
				CLANG_WARN_ENUM_CONVERSION = YES;
				CLANG_WARN_INFINITE_RECURSION = YES;
				CLANG_WARN_INT_CONVERSION = YES;
				CLANG_WARN_NON_LITERAL_NULL_CONVERSION = YES;
				CLANG_WARN_OBJC_IMPLICIT_RETAIN_SELF = YES;
				CLANG_WARN_OBJC_LITERAL_CONVERSION = YES;
				CLANG_WARN_OBJC_ROOT_CLASS = YES_ERROR;
				CLANG_WARN_QUOTED_INCLUDE_IN_FRAMEWORK_HEADER = YES;
				CLANG_WARN_RANGE_LOOP_ANALYSIS = YES;
				CLANG_WARN_STRICT_PROTOTYPES = YES;
				CLANG_WARN_SUSPICIOUS_MOVE = YES;
				CLANG_WARN_UNGUARDED_AVAILABILITY = YES_AGGRESSIVE;
				CLANG_WARN_UNREACHABLE_CODE = YES;
				CLANG_WARN__DUPLICATE_METHOD_MATCH = YES;
				COPY_PHASE_STRIP = NO;
				DEBUG_INFORMATION_FORMAT = "dwarf-with-dsym";
				ENABLE_NS_ASSERTIONS = NO;
				ENABLE_STRICT_OBJC_MSGSEND = YES;
				GCC_C_LANGUAGE_STANDARD = gnu11;
				GCC_NO_COMMON_BLOCKS = YES;
				GCC_WARN_64_TO_32_BIT_CONVERSION = YES;
				GCC_WARN_ABOUT_RETURN_TYPE = YES_ERROR;
				GCC_WARN_UNDECLARED_SELECTOR = YES;
				GCC_WARN_UNINITIALIZED_AUTOS = YES_AGGRESSIVE;
				GCC_WARN_UNUSED_FUNCTION = YES;
				GCC_WARN_UNUSED_VARIABLE = YES;
				IPHONEOS_DEPLOYMENT_TARGET = 12.0;
				MTL_ENABLE_DEBUG_INFO = NO;
				MTL_FAST_MATH = YES;
				SDKROOT = iphoneos;
				SWIFT_COMPILATION_MODE = wholemodule;
				SWIFT_OPTIMIZATION_LEVEL = "-O";
				VALIDATE_PRODUCT = YES;
			};
			name = Release;
		};
		C0FBCB1F27AFE2A80078C90D /* Debug */ = {
			isa = XCBuildConfiguration;
			baseConfigurationReference = FDA4CAC7776F764BA024F485 /* Pods-Gallery.debug.xcconfig */;
			buildSettings = {
				ASSETCATALOG_COMPILER_APPICON_NAME = AppIcon;
				ASSETCATALOG_COMPILER_GLOBAL_ACCENT_COLOR_NAME = AccentColor;
				CLANG_ENABLE_MODULES = YES;
				CODE_SIGN_STYLE = Automatic;
				CURRENT_PROJECT_VERSION = 2;
				DEVELOPMENT_TEAM = 76DU36462D;
				GCC_PREFIX_HEADER = "Gallery/Gallery-Prefix.pch";
				GENERATE_INFOPLIST_FILE = YES;
				INFOPLIST_FILE = Gallery/Info.plist;
				INFOPLIST_KEY_UIApplicationSupportsIndirectInputEvents = YES;
				INFOPLIST_KEY_UILaunchStoryboardName = LaunchScreen;
				INFOPLIST_KEY_UIMainStoryboardFile = LaunchScreen;
				INFOPLIST_KEY_UISupportedInterfaceOrientations_iPad = "UIInterfaceOrientationPortrait UIInterfaceOrientationPortraitUpsideDown UIInterfaceOrientationLandscapeLeft UIInterfaceOrientationLandscapeRight";
				INFOPLIST_KEY_UISupportedInterfaceOrientations_iPhone = "UIInterfaceOrientationPortrait UIInterfaceOrientationLandscapeLeft UIInterfaceOrientationLandscapeRight";
				LD_RUNPATH_SEARCH_PATHS = (
					"$(inherited)",
					"@executable_path/Frameworks",
				);
				MARKETING_VERSION = 1.0;
				PRODUCT_BUNDLE_IDENTIFIER = katebekk.Gallery;
				PRODUCT_NAME = "$(TARGET_NAME)";
				SWIFT_EMIT_LOC_STRINGS = YES;
				SWIFT_OBJC_BRIDGING_HEADER = "Gallery/Gallery-Bridging-Header.h";
				SWIFT_OPTIMIZATION_LEVEL = "-Onone";
				SWIFT_VERSION = 5.0;
				TARGETED_DEVICE_FAMILY = "1,2";
			};
			name = Debug;
		};
		C0FBCB2027AFE2A80078C90D /* Release */ = {
			isa = XCBuildConfiguration;
			baseConfigurationReference = 0303BE3172315E068FFE2B81 /* Pods-Gallery.release.xcconfig */;
			buildSettings = {
				ASSETCATALOG_COMPILER_APPICON_NAME = AppIcon;
				ASSETCATALOG_COMPILER_GLOBAL_ACCENT_COLOR_NAME = AccentColor;
				CLANG_ENABLE_MODULES = YES;
				CODE_SIGN_STYLE = Automatic;
				CURRENT_PROJECT_VERSION = 2;
				DEVELOPMENT_TEAM = 76DU36462D;
				GCC_PREFIX_HEADER = "Gallery/Gallery-Prefix.pch";
				GENERATE_INFOPLIST_FILE = YES;
				INFOPLIST_FILE = Gallery/Info.plist;
				INFOPLIST_KEY_UIApplicationSupportsIndirectInputEvents = YES;
				INFOPLIST_KEY_UILaunchStoryboardName = LaunchScreen;
				INFOPLIST_KEY_UIMainStoryboardFile = LaunchScreen;
				INFOPLIST_KEY_UISupportedInterfaceOrientations_iPad = "UIInterfaceOrientationPortrait UIInterfaceOrientationPortraitUpsideDown UIInterfaceOrientationLandscapeLeft UIInterfaceOrientationLandscapeRight";
				INFOPLIST_KEY_UISupportedInterfaceOrientations_iPhone = "UIInterfaceOrientationPortrait UIInterfaceOrientationLandscapeLeft UIInterfaceOrientationLandscapeRight";
				LD_RUNPATH_SEARCH_PATHS = (
					"$(inherited)",
					"@executable_path/Frameworks",
				);
				MARKETING_VERSION = 1.0;
				PRODUCT_BUNDLE_IDENTIFIER = katebekk.Gallery;
				PRODUCT_NAME = "$(TARGET_NAME)";
				SWIFT_EMIT_LOC_STRINGS = YES;
				SWIFT_OBJC_BRIDGING_HEADER = "Gallery/Gallery-Bridging-Header.h";
				SWIFT_VERSION = 5.0;
				TARGETED_DEVICE_FAMILY = "1,2";
			};
			name = Release;
		};
/* End XCBuildConfiguration section */

/* Begin XCConfigurationList section */
		C0869A0F27E4644300BF5ED8 /* Build configuration list for PBXNativeTarget "GalleryTests" */ = {
			isa = XCConfigurationList;
			buildConfigurations = (
				C0869A1027E4644300BF5ED8 /* Debug */,
				C0869A1127E4644300BF5ED8 /* Release */,
			);
			defaultConfigurationIsVisible = 0;
			defaultConfigurationName = Release;
		};
		C0FBCB0527AFE2A70078C90D /* Build configuration list for PBXProject "Gallery" */ = {
			isa = XCConfigurationList;
			buildConfigurations = (
				C0FBCB1C27AFE2A80078C90D /* Debug */,
				C0FBCB1D27AFE2A80078C90D /* Release */,
			);
			defaultConfigurationIsVisible = 0;
			defaultConfigurationName = Release;
		};
		C0FBCB1E27AFE2A80078C90D /* Build configuration list for PBXNativeTarget "Gallery" */ = {
			isa = XCConfigurationList;
			buildConfigurations = (
				C0FBCB1F27AFE2A80078C90D /* Debug */,
				C0FBCB2027AFE2A80078C90D /* Release */,
			);
			defaultConfigurationIsVisible = 0;
			defaultConfigurationName = Release;
		};
/* End XCConfigurationList section */
	};
	rootObject = C0FBCB0227AFE2A70078C90D /* Project object */;
}
